
Microsoft Visual Studio Solution File, Format Version 12.00
# Visual Studio 14
VisualStudioVersion = 14.0.25420.1
MinimumVisualStudioVersion = 10.0.40219.1
Project("{FAE04EC0-301F-11D3-BF4B-00C04F79EFBC}") = "XamlCSS", "XamlCSS\XamlCSS.csproj", "{67F9D3A8-F71E-4428-913F-C37AE82CDB24}"
EndProject
Project("{FAE04EC0-301F-11D3-BF4B-00C04F79EFBC}") = "XamlCSS.UWP", "XamlCSS.UWP\XamlCSS.UWP.csproj", "{EF57E65D-88FA-4D2B-B2BB-644510B0E452}"
EndProject
Project("{FAE04EC0-301F-11D3-BF4B-00C04F79EFBC}") = "XamlCSS.XamarinForms", "XamlCSS.XamarinForms\XamlCSS.XamarinForms.csproj", "{E6172DAB-8867-4CCA-A38C-D8F56469DAC3}"
EndProject
Project("{FAE04EC0-301F-11D3-BF4B-00C04F79EFBC}") = "XamlCSS.Tests", "XamlCSS.Tests\XamlCSS.Tests.csproj", "{AA1D9BD6-BD95-451B-9544-302A9B5DDBCD}"
EndProject
Project("{FAE04EC0-301F-11D3-BF4B-00C04F79EFBC}") = "XamlCSS.WPF.TestApp", "XamlCSS.WPF.TestApp\XamlCSS.WPF.TestApp.csproj", "{0579D00D-6F66-4F3E-9A62-8440521A18DC}"
EndProject
Project("{FAE04EC0-301F-11D3-BF4B-00C04F79EFBC}") = "XamlCSS.WPF", "XamlCSS.WPF\XamlCSS.WPF.csproj", "{73773B1F-0237-4028-881E-586C695F6652}"
EndProject
Project("{FAE04EC0-301F-11D3-BF4B-00C04F79EFBC}") = "XamlCSS.UWP.TestApp", "XamlCSS.UWP.TestApp\XamlCSS.UWP.TestApp.csproj", "{DF0CE530-430D-4310-B653-5EC79799742A}"
EndProject
Project("{FAE04EC0-301F-11D3-BF4B-00C04F79EFBC}") = "XamlCSS.XamarinForms.TestApp.Droid", "XamlCSS.XamarinForms.TestApp\XamlCSS.XamarinForms.TestApp.Droid\XamlCSS.XamarinForms.TestApp.Droid.csproj", "{95E6DF9D-F335-4B24-8354-BA4EA4C156B3}"
EndProject
Project("{FAE04EC0-301F-11D3-BF4B-00C04F79EFBC}") = "XamlCSS.XamarinForms.TestApp.iOS", "XamlCSS.XamarinForms.TestApp\XamlCSS.XamarinForms.TestApp.iOS\XamlCSS.XamarinForms.TestApp.iOS.csproj", "{ECD7EFB6-B843-473A-814B-276BFA935A21}"
EndProject
Project("{FAE04EC0-301F-11D3-BF4B-00C04F79EFBC}") = "XamlCSS.XamarinForms.TestApp.WinPhone", "XamlCSS.XamarinForms.TestApp\XamlCSS.XamarinForms.TestApp.WinPhone\XamlCSS.XamarinForms.TestApp.WinPhone.csproj", "{A568A939-2906-4E58-8E6E-E08E479B7150}"
EndProject
Project("{FAE04EC0-301F-11D3-BF4B-00C04F79EFBC}") = "XamlCSS.XamarinForms.TestApp.UWP", "XamlCSS.XamarinForms.TestApp\XamlCSS.XamarinForms.TestApp.UWP\XamlCSS.XamarinForms.TestApp.UWP.csproj", "{778A8A3E-A21D-441F-924B-946E68CA139A}"
EndProject
Project("{FAE04EC0-301F-11D3-BF4B-00C04F79EFBC}") = "XamlCSS.XamarinForms.TestApp.Windows", "XamlCSS.XamarinForms.TestApp\XamlCSS.XamarinForms.TestApp.Windows\XamlCSS.XamarinForms.TestApp.Windows.csproj", "{DD8C78B5-E988-4898-8E70-790969FBFBB3}"
EndProject
Project("{FAE04EC0-301F-11D3-BF4B-00C04F79EFBC}") = "XamlCSS.XamarinForms.TestApp", "XamlCSS.XamarinForms.TestApp\XamlCSS.XamarinForms.TestApp\XamlCSS.XamarinForms.TestApp.csproj", "{F379271A-C344-46EA-BD3A-17B722C77AD8}"
EndProject
Project("{2150E333-8FDC-42A3-9474-1A3956D46DE8}") = "UWP", "UWP", "{3B424F59-1FCC-4544-A647-72D5C7ECB956}"
EndProject
Project("{2150E333-8FDC-42A3-9474-1A3956D46DE8}") = "WPF", "WPF", "{A4BC4EDF-BD4C-4CD9-9D0C-3F0F47139BCA}"
EndProject
Project("{2150E333-8FDC-42A3-9474-1A3956D46DE8}") = "XamarinForms", "XamarinForms", "{94CAD3EF-9FDF-46F8-BEB2-BAFA2827B964}"
EndProject
Project("{FAE04EC0-301F-11D3-BF4B-00C04F79EFBC}") = "XamlCSS.Packager", "XamlCSS.Packager\XamlCSS.Packager.csproj", "{0451BAEF-DF2E-4B98-8644-94EE9415E389}"
EndProject
Project("{FAE04EC0-301F-11D3-BF4B-00C04F79EFBC}") = "XamlCSS.WPF.Packager", "XamlCSS.WPF.Packager\XamlCSS.WPF.Packager.csproj", "{1DC52187-3B1A-42F2-B381-8722AA51D16B}"
EndProject
Project("{FAE04EC0-301F-11D3-BF4B-00C04F79EFBC}") = "XamlCSS.UWP.Packager", "XamlCSS.UWP.Packager\XamlCSS.UWP.Packager.csproj", "{A65D7729-C619-498A-9669-1FD8A1A1E73A}"
EndProject
Project("{FAE04EC0-301F-11D3-BF4B-00C04F79EFBC}") = "XamlCSS.XamarinForms.Packager", "XamlCSS.XamarinForms.Packager\XamlCSS.XamarinForms.Packager.csproj", "{0D6D9BFC-60C6-4C44-B51B-1CFA0BF44DB4}"
EndProject
Global
	GlobalSection(SolutionConfigurationPlatforms) = preSolution
		Ad-Hoc|Any CPU = Ad-Hoc|Any CPU
		Ad-Hoc|ARM = Ad-Hoc|ARM
		Ad-Hoc|iPhone = Ad-Hoc|iPhone
		Ad-Hoc|iPhoneSimulator = Ad-Hoc|iPhoneSimulator
		Ad-Hoc|x64 = Ad-Hoc|x64
		Ad-Hoc|x86 = Ad-Hoc|x86
		AppStore|Any CPU = AppStore|Any CPU
		AppStore|ARM = AppStore|ARM
		AppStore|iPhone = AppStore|iPhone
		AppStore|iPhoneSimulator = AppStore|iPhoneSimulator
		AppStore|x64 = AppStore|x64
		AppStore|x86 = AppStore|x86
		Debug|Any CPU = Debug|Any CPU
		Debug|ARM = Debug|ARM
		Debug|iPhone = Debug|iPhone
		Debug|iPhoneSimulator = Debug|iPhoneSimulator
		Debug|x64 = Debug|x64
		Debug|x86 = Debug|x86
		Release|Any CPU = Release|Any CPU
		Release|ARM = Release|ARM
		Release|iPhone = Release|iPhone
		Release|iPhoneSimulator = Release|iPhoneSimulator
		Release|x64 = Release|x64
		Release|x86 = Release|x86
	EndGlobalSection
	GlobalSection(ProjectConfigurationPlatforms) = postSolution
		{67F9D3A8-F71E-4428-913F-C37AE82CDB24}.Ad-Hoc|Any CPU.ActiveCfg = Release|Any CPU
		{67F9D3A8-F71E-4428-913F-C37AE82CDB24}.Ad-Hoc|Any CPU.Build.0 = Release|Any CPU
		{67F9D3A8-F71E-4428-913F-C37AE82CDB24}.Ad-Hoc|ARM.ActiveCfg = Release|Any CPU
		{67F9D3A8-F71E-4428-913F-C37AE82CDB24}.Ad-Hoc|ARM.Build.0 = Release|Any CPU
		{67F9D3A8-F71E-4428-913F-C37AE82CDB24}.Ad-Hoc|iPhone.ActiveCfg = Release|Any CPU
		{67F9D3A8-F71E-4428-913F-C37AE82CDB24}.Ad-Hoc|iPhone.Build.0 = Release|Any CPU
		{67F9D3A8-F71E-4428-913F-C37AE82CDB24}.Ad-Hoc|iPhoneSimulator.ActiveCfg = Release|Any CPU
		{67F9D3A8-F71E-4428-913F-C37AE82CDB24}.Ad-Hoc|iPhoneSimulator.Build.0 = Release|Any CPU
		{67F9D3A8-F71E-4428-913F-C37AE82CDB24}.Ad-Hoc|x64.ActiveCfg = Release|Any CPU
		{67F9D3A8-F71E-4428-913F-C37AE82CDB24}.Ad-Hoc|x64.Build.0 = Release|Any CPU
		{67F9D3A8-F71E-4428-913F-C37AE82CDB24}.Ad-Hoc|x86.ActiveCfg = Release|Any CPU
		{67F9D3A8-F71E-4428-913F-C37AE82CDB24}.Ad-Hoc|x86.Build.0 = Release|Any CPU
		{67F9D3A8-F71E-4428-913F-C37AE82CDB24}.AppStore|Any CPU.ActiveCfg = Release|Any CPU
		{67F9D3A8-F71E-4428-913F-C37AE82CDB24}.AppStore|Any CPU.Build.0 = Release|Any CPU
		{67F9D3A8-F71E-4428-913F-C37AE82CDB24}.AppStore|ARM.ActiveCfg = Release|Any CPU
		{67F9D3A8-F71E-4428-913F-C37AE82CDB24}.AppStore|ARM.Build.0 = Release|Any CPU
		{67F9D3A8-F71E-4428-913F-C37AE82CDB24}.AppStore|iPhone.ActiveCfg = Release|Any CPU
		{67F9D3A8-F71E-4428-913F-C37AE82CDB24}.AppStore|iPhone.Build.0 = Release|Any CPU
		{67F9D3A8-F71E-4428-913F-C37AE82CDB24}.AppStore|iPhoneSimulator.ActiveCfg = Release|Any CPU
		{67F9D3A8-F71E-4428-913F-C37AE82CDB24}.AppStore|iPhoneSimulator.Build.0 = Release|Any CPU
		{67F9D3A8-F71E-4428-913F-C37AE82CDB24}.AppStore|x64.ActiveCfg = Release|Any CPU
		{67F9D3A8-F71E-4428-913F-C37AE82CDB24}.AppStore|x64.Build.0 = Release|Any CPU
		{67F9D3A8-F71E-4428-913F-C37AE82CDB24}.AppStore|x86.ActiveCfg = Release|Any CPU
		{67F9D3A8-F71E-4428-913F-C37AE82CDB24}.AppStore|x86.Build.0 = Release|Any CPU
		{67F9D3A8-F71E-4428-913F-C37AE82CDB24}.Debug|Any CPU.ActiveCfg = Debug|Any CPU
		{67F9D3A8-F71E-4428-913F-C37AE82CDB24}.Debug|Any CPU.Build.0 = Debug|Any CPU
		{67F9D3A8-F71E-4428-913F-C37AE82CDB24}.Debug|ARM.ActiveCfg = Debug|Any CPU
		{67F9D3A8-F71E-4428-913F-C37AE82CDB24}.Debug|ARM.Build.0 = Debug|Any CPU
		{67F9D3A8-F71E-4428-913F-C37AE82CDB24}.Debug|iPhone.ActiveCfg = Debug|Any CPU
		{67F9D3A8-F71E-4428-913F-C37AE82CDB24}.Debug|iPhone.Build.0 = Debug|Any CPU
		{67F9D3A8-F71E-4428-913F-C37AE82CDB24}.Debug|iPhoneSimulator.ActiveCfg = Debug|Any CPU
		{67F9D3A8-F71E-4428-913F-C37AE82CDB24}.Debug|iPhoneSimulator.Build.0 = Debug|Any CPU
		{67F9D3A8-F71E-4428-913F-C37AE82CDB24}.Debug|x64.ActiveCfg = Debug|Any CPU
		{67F9D3A8-F71E-4428-913F-C37AE82CDB24}.Debug|x64.Build.0 = Debug|Any CPU
		{67F9D3A8-F71E-4428-913F-C37AE82CDB24}.Debug|x86.ActiveCfg = Debug|Any CPU
		{67F9D3A8-F71E-4428-913F-C37AE82CDB24}.Debug|x86.Build.0 = Debug|Any CPU
		{67F9D3A8-F71E-4428-913F-C37AE82CDB24}.Release|Any CPU.ActiveCfg = Release|Any CPU
		{67F9D3A8-F71E-4428-913F-C37AE82CDB24}.Release|Any CPU.Build.0 = Release|Any CPU
		{67F9D3A8-F71E-4428-913F-C37AE82CDB24}.Release|ARM.ActiveCfg = Release|ARM
		{67F9D3A8-F71E-4428-913F-C37AE82CDB24}.Release|ARM.Build.0 = Release|ARM
		{67F9D3A8-F71E-4428-913F-C37AE82CDB24}.Release|iPhone.ActiveCfg = Release|Any CPU
		{67F9D3A8-F71E-4428-913F-C37AE82CDB24}.Release|iPhone.Build.0 = Release|Any CPU
		{67F9D3A8-F71E-4428-913F-C37AE82CDB24}.Release|iPhoneSimulator.ActiveCfg = Release|Any CPU
		{67F9D3A8-F71E-4428-913F-C37AE82CDB24}.Release|iPhoneSimulator.Build.0 = Release|Any CPU
		{67F9D3A8-F71E-4428-913F-C37AE82CDB24}.Release|x64.ActiveCfg = Release|x64
		{67F9D3A8-F71E-4428-913F-C37AE82CDB24}.Release|x64.Build.0 = Release|x64
		{67F9D3A8-F71E-4428-913F-C37AE82CDB24}.Release|x86.ActiveCfg = Release|x86
		{67F9D3A8-F71E-4428-913F-C37AE82CDB24}.Release|x86.Build.0 = Release|x86
		{EF57E65D-88FA-4D2B-B2BB-644510B0E452}.Ad-Hoc|Any CPU.ActiveCfg = Release|Any CPU
		{EF57E65D-88FA-4D2B-B2BB-644510B0E452}.Ad-Hoc|Any CPU.Build.0 = Release|Any CPU
		{EF57E65D-88FA-4D2B-B2BB-644510B0E452}.Ad-Hoc|ARM.ActiveCfg = Release|ARM
		{EF57E65D-88FA-4D2B-B2BB-644510B0E452}.Ad-Hoc|ARM.Build.0 = Release|ARM
		{EF57E65D-88FA-4D2B-B2BB-644510B0E452}.Ad-Hoc|iPhone.ActiveCfg = Release|Any CPU
		{EF57E65D-88FA-4D2B-B2BB-644510B0E452}.Ad-Hoc|iPhone.Build.0 = Release|Any CPU
		{EF57E65D-88FA-4D2B-B2BB-644510B0E452}.Ad-Hoc|iPhoneSimulator.ActiveCfg = Release|Any CPU
		{EF57E65D-88FA-4D2B-B2BB-644510B0E452}.Ad-Hoc|iPhoneSimulator.Build.0 = Release|Any CPU
		{EF57E65D-88FA-4D2B-B2BB-644510B0E452}.Ad-Hoc|x64.ActiveCfg = Release|x64
		{EF57E65D-88FA-4D2B-B2BB-644510B0E452}.Ad-Hoc|x64.Build.0 = Release|x64
		{EF57E65D-88FA-4D2B-B2BB-644510B0E452}.Ad-Hoc|x86.ActiveCfg = Release|x86
		{EF57E65D-88FA-4D2B-B2BB-644510B0E452}.Ad-Hoc|x86.Build.0 = Release|x86
		{EF57E65D-88FA-4D2B-B2BB-644510B0E452}.AppStore|Any CPU.ActiveCfg = Release|Any CPU
		{EF57E65D-88FA-4D2B-B2BB-644510B0E452}.AppStore|Any CPU.Build.0 = Release|Any CPU
		{EF57E65D-88FA-4D2B-B2BB-644510B0E452}.AppStore|ARM.ActiveCfg = Release|ARM
		{EF57E65D-88FA-4D2B-B2BB-644510B0E452}.AppStore|ARM.Build.0 = Release|ARM
		{EF57E65D-88FA-4D2B-B2BB-644510B0E452}.AppStore|iPhone.ActiveCfg = Release|Any CPU
		{EF57E65D-88FA-4D2B-B2BB-644510B0E452}.AppStore|iPhone.Build.0 = Release|Any CPU
		{EF57E65D-88FA-4D2B-B2BB-644510B0E452}.AppStore|iPhoneSimulator.ActiveCfg = Release|Any CPU
		{EF57E65D-88FA-4D2B-B2BB-644510B0E452}.AppStore|iPhoneSimulator.Build.0 = Release|Any CPU
		{EF57E65D-88FA-4D2B-B2BB-644510B0E452}.AppStore|x64.ActiveCfg = Release|x64
		{EF57E65D-88FA-4D2B-B2BB-644510B0E452}.AppStore|x64.Build.0 = Release|x64
		{EF57E65D-88FA-4D2B-B2BB-644510B0E452}.AppStore|x86.ActiveCfg = Release|x86
		{EF57E65D-88FA-4D2B-B2BB-644510B0E452}.AppStore|x86.Build.0 = Release|x86
		{EF57E65D-88FA-4D2B-B2BB-644510B0E452}.Debug|Any CPU.ActiveCfg = Debug|Any CPU
		{EF57E65D-88FA-4D2B-B2BB-644510B0E452}.Debug|Any CPU.Build.0 = Debug|Any CPU
		{EF57E65D-88FA-4D2B-B2BB-644510B0E452}.Debug|ARM.ActiveCfg = Debug|ARM
		{EF57E65D-88FA-4D2B-B2BB-644510B0E452}.Debug|ARM.Build.0 = Debug|ARM
		{EF57E65D-88FA-4D2B-B2BB-644510B0E452}.Debug|iPhone.ActiveCfg = Debug|Any CPU
		{EF57E65D-88FA-4D2B-B2BB-644510B0E452}.Debug|iPhone.Build.0 = Debug|Any CPU
		{EF57E65D-88FA-4D2B-B2BB-644510B0E452}.Debug|iPhoneSimulator.ActiveCfg = Debug|Any CPU
		{EF57E65D-88FA-4D2B-B2BB-644510B0E452}.Debug|iPhoneSimulator.Build.0 = Debug|Any CPU
		{EF57E65D-88FA-4D2B-B2BB-644510B0E452}.Debug|x64.ActiveCfg = Debug|x64
		{EF57E65D-88FA-4D2B-B2BB-644510B0E452}.Debug|x64.Build.0 = Debug|x64
		{EF57E65D-88FA-4D2B-B2BB-644510B0E452}.Debug|x86.ActiveCfg = Debug|x86
		{EF57E65D-88FA-4D2B-B2BB-644510B0E452}.Debug|x86.Build.0 = Debug|x86
		{EF57E65D-88FA-4D2B-B2BB-644510B0E452}.Release|Any CPU.ActiveCfg = Release|Any CPU
		{EF57E65D-88FA-4D2B-B2BB-644510B0E452}.Release|Any CPU.Build.0 = Release|Any CPU
		{EF57E65D-88FA-4D2B-B2BB-644510B0E452}.Release|ARM.ActiveCfg = Release|ARM
		{EF57E65D-88FA-4D2B-B2BB-644510B0E452}.Release|ARM.Build.0 = Release|ARM
		{EF57E65D-88FA-4D2B-B2BB-644510B0E452}.Release|iPhone.ActiveCfg = Release|Any CPU
		{EF57E65D-88FA-4D2B-B2BB-644510B0E452}.Release|iPhone.Build.0 = Release|Any CPU
		{EF57E65D-88FA-4D2B-B2BB-644510B0E452}.Release|iPhoneSimulator.ActiveCfg = Release|Any CPU
		{EF57E65D-88FA-4D2B-B2BB-644510B0E452}.Release|iPhoneSimulator.Build.0 = Release|Any CPU
		{EF57E65D-88FA-4D2B-B2BB-644510B0E452}.Release|x64.ActiveCfg = Release|x64
		{EF57E65D-88FA-4D2B-B2BB-644510B0E452}.Release|x64.Build.0 = Release|x64
		{EF57E65D-88FA-4D2B-B2BB-644510B0E452}.Release|x86.ActiveCfg = Release|x86
		{EF57E65D-88FA-4D2B-B2BB-644510B0E452}.Release|x86.Build.0 = Release|x86
		{E6172DAB-8867-4CCA-A38C-D8F56469DAC3}.Ad-Hoc|Any CPU.ActiveCfg = Release|Any CPU
		{E6172DAB-8867-4CCA-A38C-D8F56469DAC3}.Ad-Hoc|Any CPU.Build.0 = Release|Any CPU
		{E6172DAB-8867-4CCA-A38C-D8F56469DAC3}.Ad-Hoc|ARM.ActiveCfg = Release|Any CPU
		{E6172DAB-8867-4CCA-A38C-D8F56469DAC3}.Ad-Hoc|ARM.Build.0 = Release|Any CPU
		{E6172DAB-8867-4CCA-A38C-D8F56469DAC3}.Ad-Hoc|iPhone.ActiveCfg = Release|Any CPU
		{E6172DAB-8867-4CCA-A38C-D8F56469DAC3}.Ad-Hoc|iPhone.Build.0 = Release|Any CPU
		{E6172DAB-8867-4CCA-A38C-D8F56469DAC3}.Ad-Hoc|iPhoneSimulator.ActiveCfg = Release|Any CPU
		{E6172DAB-8867-4CCA-A38C-D8F56469DAC3}.Ad-Hoc|iPhoneSimulator.Build.0 = Release|Any CPU
		{E6172DAB-8867-4CCA-A38C-D8F56469DAC3}.Ad-Hoc|x64.ActiveCfg = Release|Any CPU
		{E6172DAB-8867-4CCA-A38C-D8F56469DAC3}.Ad-Hoc|x64.Build.0 = Release|Any CPU
		{E6172DAB-8867-4CCA-A38C-D8F56469DAC3}.Ad-Hoc|x86.ActiveCfg = Release|Any CPU
		{E6172DAB-8867-4CCA-A38C-D8F56469DAC3}.Ad-Hoc|x86.Build.0 = Release|Any CPU
		{E6172DAB-8867-4CCA-A38C-D8F56469DAC3}.AppStore|Any CPU.ActiveCfg = Release|Any CPU
		{E6172DAB-8867-4CCA-A38C-D8F56469DAC3}.AppStore|Any CPU.Build.0 = Release|Any CPU
		{E6172DAB-8867-4CCA-A38C-D8F56469DAC3}.AppStore|ARM.ActiveCfg = Release|Any CPU
		{E6172DAB-8867-4CCA-A38C-D8F56469DAC3}.AppStore|ARM.Build.0 = Release|Any CPU
		{E6172DAB-8867-4CCA-A38C-D8F56469DAC3}.AppStore|iPhone.ActiveCfg = Release|Any CPU
		{E6172DAB-8867-4CCA-A38C-D8F56469DAC3}.AppStore|iPhone.Build.0 = Release|Any CPU
		{E6172DAB-8867-4CCA-A38C-D8F56469DAC3}.AppStore|iPhoneSimulator.ActiveCfg = Release|Any CPU
		{E6172DAB-8867-4CCA-A38C-D8F56469DAC3}.AppStore|iPhoneSimulator.Build.0 = Release|Any CPU
		{E6172DAB-8867-4CCA-A38C-D8F56469DAC3}.AppStore|x64.ActiveCfg = Release|Any CPU
		{E6172DAB-8867-4CCA-A38C-D8F56469DAC3}.AppStore|x64.Build.0 = Release|Any CPU
		{E6172DAB-8867-4CCA-A38C-D8F56469DAC3}.AppStore|x86.ActiveCfg = Release|Any CPU
		{E6172DAB-8867-4CCA-A38C-D8F56469DAC3}.AppStore|x86.Build.0 = Release|Any CPU
		{E6172DAB-8867-4CCA-A38C-D8F56469DAC3}.Debug|Any CPU.ActiveCfg = Debug|Any CPU
		{E6172DAB-8867-4CCA-A38C-D8F56469DAC3}.Debug|Any CPU.Build.0 = Debug|Any CPU
		{E6172DAB-8867-4CCA-A38C-D8F56469DAC3}.Debug|ARM.ActiveCfg = Debug|Any CPU
		{E6172DAB-8867-4CCA-A38C-D8F56469DAC3}.Debug|ARM.Build.0 = Debug|Any CPU
		{E6172DAB-8867-4CCA-A38C-D8F56469DAC3}.Debug|iPhone.ActiveCfg = Debug|Any CPU
		{E6172DAB-8867-4CCA-A38C-D8F56469DAC3}.Debug|iPhone.Build.0 = Debug|Any CPU
		{E6172DAB-8867-4CCA-A38C-D8F56469DAC3}.Debug|iPhoneSimulator.ActiveCfg = Debug|Any CPU
		{E6172DAB-8867-4CCA-A38C-D8F56469DAC3}.Debug|iPhoneSimulator.Build.0 = Debug|Any CPU
		{E6172DAB-8867-4CCA-A38C-D8F56469DAC3}.Debug|x64.ActiveCfg = Debug|Any CPU
		{E6172DAB-8867-4CCA-A38C-D8F56469DAC3}.Debug|x64.Build.0 = Debug|Any CPU
		{E6172DAB-8867-4CCA-A38C-D8F56469DAC3}.Debug|x86.ActiveCfg = Debug|Any CPU
		{E6172DAB-8867-4CCA-A38C-D8F56469DAC3}.Debug|x86.Build.0 = Debug|Any CPU
		{E6172DAB-8867-4CCA-A38C-D8F56469DAC3}.Release|Any CPU.ActiveCfg = Release|Any CPU
		{E6172DAB-8867-4CCA-A38C-D8F56469DAC3}.Release|Any CPU.Build.0 = Release|Any CPU
		{E6172DAB-8867-4CCA-A38C-D8F56469DAC3}.Release|ARM.ActiveCfg = Release|ARM
		{E6172DAB-8867-4CCA-A38C-D8F56469DAC3}.Release|ARM.Build.0 = Release|ARM
		{E6172DAB-8867-4CCA-A38C-D8F56469DAC3}.Release|iPhone.ActiveCfg = Release|Any CPU
		{E6172DAB-8867-4CCA-A38C-D8F56469DAC3}.Release|iPhone.Build.0 = Release|Any CPU
		{E6172DAB-8867-4CCA-A38C-D8F56469DAC3}.Release|iPhoneSimulator.ActiveCfg = Release|Any CPU
		{E6172DAB-8867-4CCA-A38C-D8F56469DAC3}.Release|iPhoneSimulator.Build.0 = Release|Any CPU
		{E6172DAB-8867-4CCA-A38C-D8F56469DAC3}.Release|x64.ActiveCfg = Release|x64
		{E6172DAB-8867-4CCA-A38C-D8F56469DAC3}.Release|x64.Build.0 = Release|x64
		{E6172DAB-8867-4CCA-A38C-D8F56469DAC3}.Release|x86.ActiveCfg = Release|x86
		{E6172DAB-8867-4CCA-A38C-D8F56469DAC3}.Release|x86.Build.0 = Release|x86
		{AA1D9BD6-BD95-451B-9544-302A9B5DDBCD}.Ad-Hoc|Any CPU.ActiveCfg = Release|Any CPU
		{AA1D9BD6-BD95-451B-9544-302A9B5DDBCD}.Ad-Hoc|Any CPU.Build.0 = Release|Any CPU
		{AA1D9BD6-BD95-451B-9544-302A9B5DDBCD}.Ad-Hoc|ARM.ActiveCfg = Release|Any CPU
		{AA1D9BD6-BD95-451B-9544-302A9B5DDBCD}.Ad-Hoc|ARM.Build.0 = Release|Any CPU
		{AA1D9BD6-BD95-451B-9544-302A9B5DDBCD}.Ad-Hoc|iPhone.ActiveCfg = Release|Any CPU
		{AA1D9BD6-BD95-451B-9544-302A9B5DDBCD}.Ad-Hoc|iPhone.Build.0 = Release|Any CPU
		{AA1D9BD6-BD95-451B-9544-302A9B5DDBCD}.Ad-Hoc|iPhoneSimulator.ActiveCfg = Release|Any CPU
		{AA1D9BD6-BD95-451B-9544-302A9B5DDBCD}.Ad-Hoc|iPhoneSimulator.Build.0 = Release|Any CPU
		{AA1D9BD6-BD95-451B-9544-302A9B5DDBCD}.Ad-Hoc|x64.ActiveCfg = Release|Any CPU
		{AA1D9BD6-BD95-451B-9544-302A9B5DDBCD}.Ad-Hoc|x64.Build.0 = Release|Any CPU
		{AA1D9BD6-BD95-451B-9544-302A9B5DDBCD}.Ad-Hoc|x86.ActiveCfg = Release|Any CPU
		{AA1D9BD6-BD95-451B-9544-302A9B5DDBCD}.Ad-Hoc|x86.Build.0 = Release|Any CPU
		{AA1D9BD6-BD95-451B-9544-302A9B5DDBCD}.AppStore|Any CPU.ActiveCfg = Release|Any CPU
		{AA1D9BD6-BD95-451B-9544-302A9B5DDBCD}.AppStore|Any CPU.Build.0 = Release|Any CPU
		{AA1D9BD6-BD95-451B-9544-302A9B5DDBCD}.AppStore|ARM.ActiveCfg = Release|Any CPU
		{AA1D9BD6-BD95-451B-9544-302A9B5DDBCD}.AppStore|ARM.Build.0 = Release|Any CPU
		{AA1D9BD6-BD95-451B-9544-302A9B5DDBCD}.AppStore|iPhone.ActiveCfg = Release|Any CPU
		{AA1D9BD6-BD95-451B-9544-302A9B5DDBCD}.AppStore|iPhone.Build.0 = Release|Any CPU
		{AA1D9BD6-BD95-451B-9544-302A9B5DDBCD}.AppStore|iPhoneSimulator.ActiveCfg = Release|Any CPU
		{AA1D9BD6-BD95-451B-9544-302A9B5DDBCD}.AppStore|iPhoneSimulator.Build.0 = Release|Any CPU
		{AA1D9BD6-BD95-451B-9544-302A9B5DDBCD}.AppStore|x64.ActiveCfg = Release|Any CPU
		{AA1D9BD6-BD95-451B-9544-302A9B5DDBCD}.AppStore|x64.Build.0 = Release|Any CPU
		{AA1D9BD6-BD95-451B-9544-302A9B5DDBCD}.AppStore|x86.ActiveCfg = Release|Any CPU
		{AA1D9BD6-BD95-451B-9544-302A9B5DDBCD}.AppStore|x86.Build.0 = Release|Any CPU
		{AA1D9BD6-BD95-451B-9544-302A9B5DDBCD}.Debug|Any CPU.ActiveCfg = Debug|Any CPU
		{AA1D9BD6-BD95-451B-9544-302A9B5DDBCD}.Debug|Any CPU.Build.0 = Debug|Any CPU
		{AA1D9BD6-BD95-451B-9544-302A9B5DDBCD}.Debug|ARM.ActiveCfg = Debug|Any CPU
		{AA1D9BD6-BD95-451B-9544-302A9B5DDBCD}.Debug|ARM.Build.0 = Debug|Any CPU
		{AA1D9BD6-BD95-451B-9544-302A9B5DDBCD}.Debug|iPhone.ActiveCfg = Debug|Any CPU
		{AA1D9BD6-BD95-451B-9544-302A9B5DDBCD}.Debug|iPhone.Build.0 = Debug|Any CPU
		{AA1D9BD6-BD95-451B-9544-302A9B5DDBCD}.Debug|iPhoneSimulator.ActiveCfg = Debug|Any CPU
		{AA1D9BD6-BD95-451B-9544-302A9B5DDBCD}.Debug|iPhoneSimulator.Build.0 = Debug|Any CPU
		{AA1D9BD6-BD95-451B-9544-302A9B5DDBCD}.Debug|x64.ActiveCfg = Debug|Any CPU
		{AA1D9BD6-BD95-451B-9544-302A9B5DDBCD}.Debug|x64.Build.0 = Debug|Any CPU
		{AA1D9BD6-BD95-451B-9544-302A9B5DDBCD}.Debug|x86.ActiveCfg = Debug|Any CPU
		{AA1D9BD6-BD95-451B-9544-302A9B5DDBCD}.Debug|x86.Build.0 = Debug|Any CPU
		{AA1D9BD6-BD95-451B-9544-302A9B5DDBCD}.Release|Any CPU.ActiveCfg = Release|Any CPU
		{AA1D9BD6-BD95-451B-9544-302A9B5DDBCD}.Release|ARM.ActiveCfg = Release|Any CPU
		{AA1D9BD6-BD95-451B-9544-302A9B5DDBCD}.Release|iPhone.ActiveCfg = Release|Any CPU
		{AA1D9BD6-BD95-451B-9544-302A9B5DDBCD}.Release|iPhone.Build.0 = Release|Any CPU
		{AA1D9BD6-BD95-451B-9544-302A9B5DDBCD}.Release|iPhoneSimulator.ActiveCfg = Release|Any CPU
		{AA1D9BD6-BD95-451B-9544-302A9B5DDBCD}.Release|iPhoneSimulator.Build.0 = Release|Any CPU
		{AA1D9BD6-BD95-451B-9544-302A9B5DDBCD}.Release|x64.ActiveCfg = Release|Any CPU
		{AA1D9BD6-BD95-451B-9544-302A9B5DDBCD}.Release|x86.ActiveCfg = Release|Any CPU
		{0579D00D-6F66-4F3E-9A62-8440521A18DC}.Ad-Hoc|Any CPU.ActiveCfg = Release|Any CPU
		{0579D00D-6F66-4F3E-9A62-8440521A18DC}.Ad-Hoc|Any CPU.Build.0 = Release|Any CPU
		{0579D00D-6F66-4F3E-9A62-8440521A18DC}.Ad-Hoc|ARM.ActiveCfg = Release|Any CPU
		{0579D00D-6F66-4F3E-9A62-8440521A18DC}.Ad-Hoc|ARM.Build.0 = Release|Any CPU
		{0579D00D-6F66-4F3E-9A62-8440521A18DC}.Ad-Hoc|iPhone.ActiveCfg = Release|Any CPU
		{0579D00D-6F66-4F3E-9A62-8440521A18DC}.Ad-Hoc|iPhone.Build.0 = Release|Any CPU
		{0579D00D-6F66-4F3E-9A62-8440521A18DC}.Ad-Hoc|iPhoneSimulator.ActiveCfg = Release|Any CPU
		{0579D00D-6F66-4F3E-9A62-8440521A18DC}.Ad-Hoc|iPhoneSimulator.Build.0 = Release|Any CPU
		{0579D00D-6F66-4F3E-9A62-8440521A18DC}.Ad-Hoc|x64.ActiveCfg = Release|Any CPU
		{0579D00D-6F66-4F3E-9A62-8440521A18DC}.Ad-Hoc|x64.Build.0 = Release|Any CPU
		{0579D00D-6F66-4F3E-9A62-8440521A18DC}.Ad-Hoc|x86.ActiveCfg = Release|Any CPU
		{0579D00D-6F66-4F3E-9A62-8440521A18DC}.Ad-Hoc|x86.Build.0 = Release|Any CPU
		{0579D00D-6F66-4F3E-9A62-8440521A18DC}.AppStore|Any CPU.ActiveCfg = Release|Any CPU
		{0579D00D-6F66-4F3E-9A62-8440521A18DC}.AppStore|Any CPU.Build.0 = Release|Any CPU
		{0579D00D-6F66-4F3E-9A62-8440521A18DC}.AppStore|ARM.ActiveCfg = Release|Any CPU
		{0579D00D-6F66-4F3E-9A62-8440521A18DC}.AppStore|ARM.Build.0 = Release|Any CPU
		{0579D00D-6F66-4F3E-9A62-8440521A18DC}.AppStore|iPhone.ActiveCfg = Release|Any CPU
		{0579D00D-6F66-4F3E-9A62-8440521A18DC}.AppStore|iPhone.Build.0 = Release|Any CPU
		{0579D00D-6F66-4F3E-9A62-8440521A18DC}.AppStore|iPhoneSimulator.ActiveCfg = Release|Any CPU
		{0579D00D-6F66-4F3E-9A62-8440521A18DC}.AppStore|iPhoneSimulator.Build.0 = Release|Any CPU
		{0579D00D-6F66-4F3E-9A62-8440521A18DC}.AppStore|x64.ActiveCfg = Release|Any CPU
		{0579D00D-6F66-4F3E-9A62-8440521A18DC}.AppStore|x64.Build.0 = Release|Any CPU
		{0579D00D-6F66-4F3E-9A62-8440521A18DC}.AppStore|x86.ActiveCfg = Release|Any CPU
		{0579D00D-6F66-4F3E-9A62-8440521A18DC}.AppStore|x86.Build.0 = Release|Any CPU
		{0579D00D-6F66-4F3E-9A62-8440521A18DC}.Debug|Any CPU.ActiveCfg = Debug|Any CPU
		{0579D00D-6F66-4F3E-9A62-8440521A18DC}.Debug|Any CPU.Build.0 = Debug|Any CPU
		{0579D00D-6F66-4F3E-9A62-8440521A18DC}.Debug|ARM.ActiveCfg = Debug|Any CPU
		{0579D00D-6F66-4F3E-9A62-8440521A18DC}.Debug|ARM.Build.0 = Debug|Any CPU
		{0579D00D-6F66-4F3E-9A62-8440521A18DC}.Debug|iPhone.ActiveCfg = Debug|Any CPU
		{0579D00D-6F66-4F3E-9A62-8440521A18DC}.Debug|iPhone.Build.0 = Debug|Any CPU
		{0579D00D-6F66-4F3E-9A62-8440521A18DC}.Debug|iPhoneSimulator.ActiveCfg = Debug|Any CPU
		{0579D00D-6F66-4F3E-9A62-8440521A18DC}.Debug|iPhoneSimulator.Build.0 = Debug|Any CPU
		{0579D00D-6F66-4F3E-9A62-8440521A18DC}.Debug|x64.ActiveCfg = Debug|Any CPU
		{0579D00D-6F66-4F3E-9A62-8440521A18DC}.Debug|x64.Build.0 = Debug|Any CPU
		{0579D00D-6F66-4F3E-9A62-8440521A18DC}.Debug|x86.ActiveCfg = Debug|Any CPU
		{0579D00D-6F66-4F3E-9A62-8440521A18DC}.Debug|x86.Build.0 = Debug|Any CPU
		{0579D00D-6F66-4F3E-9A62-8440521A18DC}.Release|Any CPU.ActiveCfg = Release|Any CPU
		{0579D00D-6F66-4F3E-9A62-8440521A18DC}.Release|ARM.ActiveCfg = Release|Any CPU
		{0579D00D-6F66-4F3E-9A62-8440521A18DC}.Release|iPhone.ActiveCfg = Release|Any CPU
		{0579D00D-6F66-4F3E-9A62-8440521A18DC}.Release|iPhone.Build.0 = Release|Any CPU
		{0579D00D-6F66-4F3E-9A62-8440521A18DC}.Release|iPhoneSimulator.ActiveCfg = Release|Any CPU
		{0579D00D-6F66-4F3E-9A62-8440521A18DC}.Release|iPhoneSimulator.Build.0 = Release|Any CPU
		{0579D00D-6F66-4F3E-9A62-8440521A18DC}.Release|x64.ActiveCfg = Release|Any CPU
		{0579D00D-6F66-4F3E-9A62-8440521A18DC}.Release|x86.ActiveCfg = Release|Any CPU
		{73773B1F-0237-4028-881E-586C695F6652}.Ad-Hoc|Any CPU.ActiveCfg = Release|Any CPU
		{73773B1F-0237-4028-881E-586C695F6652}.Ad-Hoc|Any CPU.Build.0 = Release|Any CPU
		{73773B1F-0237-4028-881E-586C695F6652}.Ad-Hoc|ARM.ActiveCfg = Release|Any CPU
		{73773B1F-0237-4028-881E-586C695F6652}.Ad-Hoc|ARM.Build.0 = Release|Any CPU
		{73773B1F-0237-4028-881E-586C695F6652}.Ad-Hoc|iPhone.ActiveCfg = Release|Any CPU
		{73773B1F-0237-4028-881E-586C695F6652}.Ad-Hoc|iPhone.Build.0 = Release|Any CPU
		{73773B1F-0237-4028-881E-586C695F6652}.Ad-Hoc|iPhoneSimulator.ActiveCfg = Release|Any CPU
		{73773B1F-0237-4028-881E-586C695F6652}.Ad-Hoc|iPhoneSimulator.Build.0 = Release|Any CPU
		{73773B1F-0237-4028-881E-586C695F6652}.Ad-Hoc|x64.ActiveCfg = Release|Any CPU
		{73773B1F-0237-4028-881E-586C695F6652}.Ad-Hoc|x64.Build.0 = Release|Any CPU
		{73773B1F-0237-4028-881E-586C695F6652}.Ad-Hoc|x86.ActiveCfg = Release|Any CPU
		{73773B1F-0237-4028-881E-586C695F6652}.Ad-Hoc|x86.Build.0 = Release|Any CPU
		{73773B1F-0237-4028-881E-586C695F6652}.AppStore|Any CPU.ActiveCfg = Release|Any CPU
		{73773B1F-0237-4028-881E-586C695F6652}.AppStore|Any CPU.Build.0 = Release|Any CPU
		{73773B1F-0237-4028-881E-586C695F6652}.AppStore|ARM.ActiveCfg = Release|Any CPU
		{73773B1F-0237-4028-881E-586C695F6652}.AppStore|ARM.Build.0 = Release|Any CPU
		{73773B1F-0237-4028-881E-586C695F6652}.AppStore|iPhone.ActiveCfg = Release|Any CPU
		{73773B1F-0237-4028-881E-586C695F6652}.AppStore|iPhone.Build.0 = Release|Any CPU
		{73773B1F-0237-4028-881E-586C695F6652}.AppStore|iPhoneSimulator.ActiveCfg = Release|Any CPU
		{73773B1F-0237-4028-881E-586C695F6652}.AppStore|iPhoneSimulator.Build.0 = Release|Any CPU
		{73773B1F-0237-4028-881E-586C695F6652}.AppStore|x64.ActiveCfg = Release|Any CPU
		{73773B1F-0237-4028-881E-586C695F6652}.AppStore|x64.Build.0 = Release|Any CPU
		{73773B1F-0237-4028-881E-586C695F6652}.AppStore|x86.ActiveCfg = Release|Any CPU
		{73773B1F-0237-4028-881E-586C695F6652}.AppStore|x86.Build.0 = Release|Any CPU
		{73773B1F-0237-4028-881E-586C695F6652}.Debug|Any CPU.ActiveCfg = Debug|Any CPU
		{73773B1F-0237-4028-881E-586C695F6652}.Debug|Any CPU.Build.0 = Debug|Any CPU
		{73773B1F-0237-4028-881E-586C695F6652}.Debug|ARM.ActiveCfg = Debug|Any CPU
		{73773B1F-0237-4028-881E-586C695F6652}.Debug|ARM.Build.0 = Debug|Any CPU
		{73773B1F-0237-4028-881E-586C695F6652}.Debug|iPhone.ActiveCfg = Debug|Any CPU
		{73773B1F-0237-4028-881E-586C695F6652}.Debug|iPhone.Build.0 = Debug|Any CPU
		{73773B1F-0237-4028-881E-586C695F6652}.Debug|iPhoneSimulator.ActiveCfg = Debug|Any CPU
		{73773B1F-0237-4028-881E-586C695F6652}.Debug|iPhoneSimulator.Build.0 = Debug|Any CPU
		{73773B1F-0237-4028-881E-586C695F6652}.Debug|x64.ActiveCfg = Debug|Any CPU
		{73773B1F-0237-4028-881E-586C695F6652}.Debug|x64.Build.0 = Debug|Any CPU
		{73773B1F-0237-4028-881E-586C695F6652}.Debug|x86.ActiveCfg = Debug|Any CPU
		{73773B1F-0237-4028-881E-586C695F6652}.Debug|x86.Build.0 = Debug|Any CPU
		{73773B1F-0237-4028-881E-586C695F6652}.Release|Any CPU.ActiveCfg = Release|Any CPU
		{73773B1F-0237-4028-881E-586C695F6652}.Release|Any CPU.Build.0 = Release|Any CPU
		{73773B1F-0237-4028-881E-586C695F6652}.Release|ARM.ActiveCfg = Release|Any CPU
		{73773B1F-0237-4028-881E-586C695F6652}.Release|ARM.Deploy.0 = Release|Any CPU
		{73773B1F-0237-4028-881E-586C695F6652}.Release|iPhone.ActiveCfg = Release|Any CPU
		{73773B1F-0237-4028-881E-586C695F6652}.Release|iPhone.Build.0 = Release|Any CPU
		{73773B1F-0237-4028-881E-586C695F6652}.Release|iPhoneSimulator.ActiveCfg = Release|Any CPU
		{73773B1F-0237-4028-881E-586C695F6652}.Release|iPhoneSimulator.Build.0 = Release|Any CPU
		{73773B1F-0237-4028-881E-586C695F6652}.Release|x64.ActiveCfg = Release|x64
		{73773B1F-0237-4028-881E-586C695F6652}.Release|x86.ActiveCfg = Release|x86
		{73773B1F-0237-4028-881E-586C695F6652}.Release|x86.Build.0 = Release|x86
		{DF0CE530-430D-4310-B653-5EC79799742A}.Ad-Hoc|Any CPU.ActiveCfg = Release|x64
		{DF0CE530-430D-4310-B653-5EC79799742A}.Ad-Hoc|Any CPU.Build.0 = Release|x64
		{DF0CE530-430D-4310-B653-5EC79799742A}.Ad-Hoc|Any CPU.Deploy.0 = Release|x64
		{DF0CE530-430D-4310-B653-5EC79799742A}.Ad-Hoc|ARM.ActiveCfg = Release|ARM
		{DF0CE530-430D-4310-B653-5EC79799742A}.Ad-Hoc|ARM.Build.0 = Release|ARM
		{DF0CE530-430D-4310-B653-5EC79799742A}.Ad-Hoc|ARM.Deploy.0 = Release|ARM
		{DF0CE530-430D-4310-B653-5EC79799742A}.Ad-Hoc|iPhone.ActiveCfg = Release|x64
		{DF0CE530-430D-4310-B653-5EC79799742A}.Ad-Hoc|iPhone.Build.0 = Release|x64
		{DF0CE530-430D-4310-B653-5EC79799742A}.Ad-Hoc|iPhone.Deploy.0 = Release|x64
		{DF0CE530-430D-4310-B653-5EC79799742A}.Ad-Hoc|iPhoneSimulator.ActiveCfg = Release|x64
		{DF0CE530-430D-4310-B653-5EC79799742A}.Ad-Hoc|iPhoneSimulator.Build.0 = Release|x64
		{DF0CE530-430D-4310-B653-5EC79799742A}.Ad-Hoc|iPhoneSimulator.Deploy.0 = Release|x64
		{DF0CE530-430D-4310-B653-5EC79799742A}.Ad-Hoc|x64.ActiveCfg = Release|x64
		{DF0CE530-430D-4310-B653-5EC79799742A}.Ad-Hoc|x64.Build.0 = Release|x64
		{DF0CE530-430D-4310-B653-5EC79799742A}.Ad-Hoc|x64.Deploy.0 = Release|x64
		{DF0CE530-430D-4310-B653-5EC79799742A}.Ad-Hoc|x86.ActiveCfg = Release|x86
		{DF0CE530-430D-4310-B653-5EC79799742A}.Ad-Hoc|x86.Build.0 = Release|x86
		{DF0CE530-430D-4310-B653-5EC79799742A}.Ad-Hoc|x86.Deploy.0 = Release|x86
		{DF0CE530-430D-4310-B653-5EC79799742A}.AppStore|Any CPU.ActiveCfg = Release|x64
		{DF0CE530-430D-4310-B653-5EC79799742A}.AppStore|Any CPU.Build.0 = Release|x64
		{DF0CE530-430D-4310-B653-5EC79799742A}.AppStore|Any CPU.Deploy.0 = Release|x64
		{DF0CE530-430D-4310-B653-5EC79799742A}.AppStore|ARM.ActiveCfg = Release|ARM
		{DF0CE530-430D-4310-B653-5EC79799742A}.AppStore|ARM.Build.0 = Release|ARM
		{DF0CE530-430D-4310-B653-5EC79799742A}.AppStore|ARM.Deploy.0 = Release|ARM
		{DF0CE530-430D-4310-B653-5EC79799742A}.AppStore|iPhone.ActiveCfg = Release|x64
		{DF0CE530-430D-4310-B653-5EC79799742A}.AppStore|iPhone.Build.0 = Release|x64
		{DF0CE530-430D-4310-B653-5EC79799742A}.AppStore|iPhone.Deploy.0 = Release|x64
		{DF0CE530-430D-4310-B653-5EC79799742A}.AppStore|iPhoneSimulator.ActiveCfg = Release|x64
		{DF0CE530-430D-4310-B653-5EC79799742A}.AppStore|iPhoneSimulator.Build.0 = Release|x64
		{DF0CE530-430D-4310-B653-5EC79799742A}.AppStore|iPhoneSimulator.Deploy.0 = Release|x64
		{DF0CE530-430D-4310-B653-5EC79799742A}.AppStore|x64.ActiveCfg = Release|x64
		{DF0CE530-430D-4310-B653-5EC79799742A}.AppStore|x64.Build.0 = Release|x64
		{DF0CE530-430D-4310-B653-5EC79799742A}.AppStore|x64.Deploy.0 = Release|x64
		{DF0CE530-430D-4310-B653-5EC79799742A}.AppStore|x86.ActiveCfg = Release|x86
		{DF0CE530-430D-4310-B653-5EC79799742A}.AppStore|x86.Build.0 = Release|x86
		{DF0CE530-430D-4310-B653-5EC79799742A}.AppStore|x86.Deploy.0 = Release|x86
		{DF0CE530-430D-4310-B653-5EC79799742A}.Debug|Any CPU.ActiveCfg = Debug|x86
		{DF0CE530-430D-4310-B653-5EC79799742A}.Debug|Any CPU.Build.0 = Debug|x86
		{DF0CE530-430D-4310-B653-5EC79799742A}.Debug|Any CPU.Deploy.0 = Debug|x86
		{DF0CE530-430D-4310-B653-5EC79799742A}.Debug|ARM.ActiveCfg = Debug|ARM
		{DF0CE530-430D-4310-B653-5EC79799742A}.Debug|ARM.Build.0 = Debug|ARM
		{DF0CE530-430D-4310-B653-5EC79799742A}.Debug|ARM.Deploy.0 = Debug|ARM
		{DF0CE530-430D-4310-B653-5EC79799742A}.Debug|iPhone.ActiveCfg = Debug|x86
		{DF0CE530-430D-4310-B653-5EC79799742A}.Debug|iPhoneSimulator.ActiveCfg = Debug|x86
		{DF0CE530-430D-4310-B653-5EC79799742A}.Debug|x64.ActiveCfg = Debug|x64
		{DF0CE530-430D-4310-B653-5EC79799742A}.Debug|x64.Build.0 = Debug|x64
		{DF0CE530-430D-4310-B653-5EC79799742A}.Debug|x64.Deploy.0 = Debug|x64
		{DF0CE530-430D-4310-B653-5EC79799742A}.Debug|x86.ActiveCfg = Debug|x86
		{DF0CE530-430D-4310-B653-5EC79799742A}.Debug|x86.Build.0 = Debug|x86
		{DF0CE530-430D-4310-B653-5EC79799742A}.Debug|x86.Deploy.0 = Debug|x86
		{DF0CE530-430D-4310-B653-5EC79799742A}.Release|Any CPU.ActiveCfg = Release|x86
		{DF0CE530-430D-4310-B653-5EC79799742A}.Release|Any CPU.Deploy.0 = Release|x86
		{DF0CE530-430D-4310-B653-5EC79799742A}.Release|ARM.ActiveCfg = Release|ARM
		{DF0CE530-430D-4310-B653-5EC79799742A}.Release|iPhone.ActiveCfg = Release|x86
		{DF0CE530-430D-4310-B653-5EC79799742A}.Release|iPhoneSimulator.ActiveCfg = Release|x86
		{DF0CE530-430D-4310-B653-5EC79799742A}.Release|x64.ActiveCfg = Release|x64
		{DF0CE530-430D-4310-B653-5EC79799742A}.Release|x86.ActiveCfg = Release|x86
		{95E6DF9D-F335-4B24-8354-BA4EA4C156B3}.Ad-Hoc|Any CPU.ActiveCfg = Release|Any CPU
		{95E6DF9D-F335-4B24-8354-BA4EA4C156B3}.Ad-Hoc|Any CPU.Build.0 = Release|Any CPU
		{95E6DF9D-F335-4B24-8354-BA4EA4C156B3}.Ad-Hoc|Any CPU.Deploy.0 = Release|Any CPU
		{95E6DF9D-F335-4B24-8354-BA4EA4C156B3}.Ad-Hoc|ARM.ActiveCfg = Release|Any CPU
		{95E6DF9D-F335-4B24-8354-BA4EA4C156B3}.Ad-Hoc|ARM.Build.0 = Release|Any CPU
		{95E6DF9D-F335-4B24-8354-BA4EA4C156B3}.Ad-Hoc|ARM.Deploy.0 = Release|Any CPU
		{95E6DF9D-F335-4B24-8354-BA4EA4C156B3}.Ad-Hoc|iPhone.ActiveCfg = Release|Any CPU
		{95E6DF9D-F335-4B24-8354-BA4EA4C156B3}.Ad-Hoc|iPhone.Build.0 = Release|Any CPU
		{95E6DF9D-F335-4B24-8354-BA4EA4C156B3}.Ad-Hoc|iPhone.Deploy.0 = Release|Any CPU
		{95E6DF9D-F335-4B24-8354-BA4EA4C156B3}.Ad-Hoc|iPhoneSimulator.ActiveCfg = Release|Any CPU
		{95E6DF9D-F335-4B24-8354-BA4EA4C156B3}.Ad-Hoc|iPhoneSimulator.Build.0 = Release|Any CPU
		{95E6DF9D-F335-4B24-8354-BA4EA4C156B3}.Ad-Hoc|iPhoneSimulator.Deploy.0 = Release|Any CPU
		{95E6DF9D-F335-4B24-8354-BA4EA4C156B3}.Ad-Hoc|x64.ActiveCfg = Release|Any CPU
		{95E6DF9D-F335-4B24-8354-BA4EA4C156B3}.Ad-Hoc|x64.Build.0 = Release|Any CPU
		{95E6DF9D-F335-4B24-8354-BA4EA4C156B3}.Ad-Hoc|x64.Deploy.0 = Release|Any CPU
		{95E6DF9D-F335-4B24-8354-BA4EA4C156B3}.Ad-Hoc|x86.ActiveCfg = Release|Any CPU
		{95E6DF9D-F335-4B24-8354-BA4EA4C156B3}.Ad-Hoc|x86.Build.0 = Release|Any CPU
		{95E6DF9D-F335-4B24-8354-BA4EA4C156B3}.Ad-Hoc|x86.Deploy.0 = Release|Any CPU
		{95E6DF9D-F335-4B24-8354-BA4EA4C156B3}.AppStore|Any CPU.ActiveCfg = Release|Any CPU
		{95E6DF9D-F335-4B24-8354-BA4EA4C156B3}.AppStore|Any CPU.Build.0 = Release|Any CPU
		{95E6DF9D-F335-4B24-8354-BA4EA4C156B3}.AppStore|Any CPU.Deploy.0 = Release|Any CPU
		{95E6DF9D-F335-4B24-8354-BA4EA4C156B3}.AppStore|ARM.ActiveCfg = Release|Any CPU
		{95E6DF9D-F335-4B24-8354-BA4EA4C156B3}.AppStore|ARM.Build.0 = Release|Any CPU
		{95E6DF9D-F335-4B24-8354-BA4EA4C156B3}.AppStore|ARM.Deploy.0 = Release|Any CPU
		{95E6DF9D-F335-4B24-8354-BA4EA4C156B3}.AppStore|iPhone.ActiveCfg = Release|Any CPU
		{95E6DF9D-F335-4B24-8354-BA4EA4C156B3}.AppStore|iPhone.Build.0 = Release|Any CPU
		{95E6DF9D-F335-4B24-8354-BA4EA4C156B3}.AppStore|iPhone.Deploy.0 = Release|Any CPU
		{95E6DF9D-F335-4B24-8354-BA4EA4C156B3}.AppStore|iPhoneSimulator.ActiveCfg = Release|Any CPU
		{95E6DF9D-F335-4B24-8354-BA4EA4C156B3}.AppStore|iPhoneSimulator.Build.0 = Release|Any CPU
		{95E6DF9D-F335-4B24-8354-BA4EA4C156B3}.AppStore|iPhoneSimulator.Deploy.0 = Release|Any CPU
		{95E6DF9D-F335-4B24-8354-BA4EA4C156B3}.AppStore|x64.ActiveCfg = Release|Any CPU
		{95E6DF9D-F335-4B24-8354-BA4EA4C156B3}.AppStore|x64.Build.0 = Release|Any CPU
		{95E6DF9D-F335-4B24-8354-BA4EA4C156B3}.AppStore|x64.Deploy.0 = Release|Any CPU
		{95E6DF9D-F335-4B24-8354-BA4EA4C156B3}.AppStore|x86.ActiveCfg = Release|Any CPU
		{95E6DF9D-F335-4B24-8354-BA4EA4C156B3}.AppStore|x86.Build.0 = Release|Any CPU
		{95E6DF9D-F335-4B24-8354-BA4EA4C156B3}.AppStore|x86.Deploy.0 = Release|Any CPU
		{95E6DF9D-F335-4B24-8354-BA4EA4C156B3}.Debug|Any CPU.ActiveCfg = Debug|Any CPU
		{95E6DF9D-F335-4B24-8354-BA4EA4C156B3}.Debug|Any CPU.Build.0 = Debug|Any CPU
		{95E6DF9D-F335-4B24-8354-BA4EA4C156B3}.Debug|Any CPU.Deploy.0 = Debug|Any CPU
		{95E6DF9D-F335-4B24-8354-BA4EA4C156B3}.Debug|ARM.ActiveCfg = Debug|Any CPU
		{95E6DF9D-F335-4B24-8354-BA4EA4C156B3}.Debug|ARM.Build.0 = Debug|Any CPU
		{95E6DF9D-F335-4B24-8354-BA4EA4C156B3}.Debug|ARM.Deploy.0 = Debug|Any CPU
		{95E6DF9D-F335-4B24-8354-BA4EA4C156B3}.Debug|iPhone.ActiveCfg = Debug|Any CPU
		{95E6DF9D-F335-4B24-8354-BA4EA4C156B3}.Debug|iPhone.Build.0 = Debug|Any CPU
		{95E6DF9D-F335-4B24-8354-BA4EA4C156B3}.Debug|iPhone.Deploy.0 = Debug|Any CPU
		{95E6DF9D-F335-4B24-8354-BA4EA4C156B3}.Debug|iPhoneSimulator.ActiveCfg = Debug|Any CPU
		{95E6DF9D-F335-4B24-8354-BA4EA4C156B3}.Debug|iPhoneSimulator.Build.0 = Debug|Any CPU
		{95E6DF9D-F335-4B24-8354-BA4EA4C156B3}.Debug|iPhoneSimulator.Deploy.0 = Debug|Any CPU
		{95E6DF9D-F335-4B24-8354-BA4EA4C156B3}.Debug|x64.ActiveCfg = Debug|Any CPU
		{95E6DF9D-F335-4B24-8354-BA4EA4C156B3}.Debug|x64.Build.0 = Debug|Any CPU
		{95E6DF9D-F335-4B24-8354-BA4EA4C156B3}.Debug|x64.Deploy.0 = Debug|Any CPU
		{95E6DF9D-F335-4B24-8354-BA4EA4C156B3}.Debug|x86.ActiveCfg = Debug|Any CPU
		{95E6DF9D-F335-4B24-8354-BA4EA4C156B3}.Debug|x86.Build.0 = Debug|Any CPU
		{95E6DF9D-F335-4B24-8354-BA4EA4C156B3}.Debug|x86.Deploy.0 = Debug|Any CPU
		{95E6DF9D-F335-4B24-8354-BA4EA4C156B3}.Release|Any CPU.ActiveCfg = Release|Any CPU
		{95E6DF9D-F335-4B24-8354-BA4EA4C156B3}.Release|Any CPU.Deploy.0 = Release|Any CPU
		{95E6DF9D-F335-4B24-8354-BA4EA4C156B3}.Release|ARM.ActiveCfg = Release|Any CPU
		{95E6DF9D-F335-4B24-8354-BA4EA4C156B3}.Release|iPhone.ActiveCfg = Release|Any CPU
		{95E6DF9D-F335-4B24-8354-BA4EA4C156B3}.Release|iPhone.Build.0 = Release|Any CPU
		{95E6DF9D-F335-4B24-8354-BA4EA4C156B3}.Release|iPhone.Deploy.0 = Release|Any CPU
		{95E6DF9D-F335-4B24-8354-BA4EA4C156B3}.Release|iPhoneSimulator.ActiveCfg = Release|Any CPU
		{95E6DF9D-F335-4B24-8354-BA4EA4C156B3}.Release|iPhoneSimulator.Build.0 = Release|Any CPU
		{95E6DF9D-F335-4B24-8354-BA4EA4C156B3}.Release|iPhoneSimulator.Deploy.0 = Release|Any CPU
		{95E6DF9D-F335-4B24-8354-BA4EA4C156B3}.Release|x64.ActiveCfg = Release|Any CPU
		{95E6DF9D-F335-4B24-8354-BA4EA4C156B3}.Release|x86.ActiveCfg = Release|Any CPU
		{ECD7EFB6-B843-473A-814B-276BFA935A21}.Ad-Hoc|Any CPU.ActiveCfg = Ad-Hoc|iPhone
		{ECD7EFB6-B843-473A-814B-276BFA935A21}.Ad-Hoc|ARM.ActiveCfg = Ad-Hoc|iPhone
		{ECD7EFB6-B843-473A-814B-276BFA935A21}.Ad-Hoc|iPhone.ActiveCfg = Ad-Hoc|iPhone
		{ECD7EFB6-B843-473A-814B-276BFA935A21}.Ad-Hoc|iPhone.Build.0 = Ad-Hoc|iPhone
		{ECD7EFB6-B843-473A-814B-276BFA935A21}.Ad-Hoc|iPhoneSimulator.ActiveCfg = Ad-Hoc|iPhoneSimulator
		{ECD7EFB6-B843-473A-814B-276BFA935A21}.Ad-Hoc|iPhoneSimulator.Build.0 = Ad-Hoc|iPhoneSimulator
		{ECD7EFB6-B843-473A-814B-276BFA935A21}.Ad-Hoc|x64.ActiveCfg = Ad-Hoc|iPhone
		{ECD7EFB6-B843-473A-814B-276BFA935A21}.Ad-Hoc|x86.ActiveCfg = Ad-Hoc|iPhone
		{ECD7EFB6-B843-473A-814B-276BFA935A21}.AppStore|Any CPU.ActiveCfg = AppStore|iPhone
		{ECD7EFB6-B843-473A-814B-276BFA935A21}.AppStore|ARM.ActiveCfg = AppStore|iPhone
		{ECD7EFB6-B843-473A-814B-276BFA935A21}.AppStore|iPhone.ActiveCfg = AppStore|iPhone
		{ECD7EFB6-B843-473A-814B-276BFA935A21}.AppStore|iPhone.Build.0 = AppStore|iPhone
		{ECD7EFB6-B843-473A-814B-276BFA935A21}.AppStore|iPhoneSimulator.ActiveCfg = AppStore|iPhoneSimulator
		{ECD7EFB6-B843-473A-814B-276BFA935A21}.AppStore|iPhoneSimulator.Build.0 = AppStore|iPhoneSimulator
		{ECD7EFB6-B843-473A-814B-276BFA935A21}.AppStore|x64.ActiveCfg = AppStore|iPhone
		{ECD7EFB6-B843-473A-814B-276BFA935A21}.AppStore|x86.ActiveCfg = AppStore|iPhone
		{ECD7EFB6-B843-473A-814B-276BFA935A21}.Debug|Any CPU.ActiveCfg = Debug|iPhone
		{ECD7EFB6-B843-473A-814B-276BFA935A21}.Debug|ARM.ActiveCfg = Debug|iPhone
		{ECD7EFB6-B843-473A-814B-276BFA935A21}.Debug|iPhone.ActiveCfg = Debug|iPhone
		{ECD7EFB6-B843-473A-814B-276BFA935A21}.Debug|iPhone.Build.0 = Debug|iPhone
		{ECD7EFB6-B843-473A-814B-276BFA935A21}.Debug|iPhoneSimulator.ActiveCfg = Debug|iPhoneSimulator
		{ECD7EFB6-B843-473A-814B-276BFA935A21}.Debug|iPhoneSimulator.Build.0 = Debug|iPhoneSimulator
		{ECD7EFB6-B843-473A-814B-276BFA935A21}.Debug|x64.ActiveCfg = Debug|iPhone
		{ECD7EFB6-B843-473A-814B-276BFA935A21}.Debug|x86.ActiveCfg = Debug|iPhone
		{ECD7EFB6-B843-473A-814B-276BFA935A21}.Release|Any CPU.ActiveCfg = Release|iPhone
		{ECD7EFB6-B843-473A-814B-276BFA935A21}.Release|ARM.ActiveCfg = Release|iPhone
		{ECD7EFB6-B843-473A-814B-276BFA935A21}.Release|iPhone.ActiveCfg = Release|iPhone
		{ECD7EFB6-B843-473A-814B-276BFA935A21}.Release|iPhone.Build.0 = Release|iPhone
		{ECD7EFB6-B843-473A-814B-276BFA935A21}.Release|iPhoneSimulator.ActiveCfg = Release|iPhoneSimulator
		{ECD7EFB6-B843-473A-814B-276BFA935A21}.Release|iPhoneSimulator.Build.0 = Release|iPhoneSimulator
		{ECD7EFB6-B843-473A-814B-276BFA935A21}.Release|x64.ActiveCfg = Release|iPhone
		{ECD7EFB6-B843-473A-814B-276BFA935A21}.Release|x86.ActiveCfg = Release|iPhone
		{A568A939-2906-4E58-8E6E-E08E479B7150}.Ad-Hoc|Any CPU.ActiveCfg = Release|Any CPU
		{A568A939-2906-4E58-8E6E-E08E479B7150}.Ad-Hoc|Any CPU.Build.0 = Release|Any CPU
		{A568A939-2906-4E58-8E6E-E08E479B7150}.Ad-Hoc|Any CPU.Deploy.0 = Release|Any CPU
		{A568A939-2906-4E58-8E6E-E08E479B7150}.Ad-Hoc|ARM.ActiveCfg = Release|ARM
		{A568A939-2906-4E58-8E6E-E08E479B7150}.Ad-Hoc|ARM.Build.0 = Release|ARM
		{A568A939-2906-4E58-8E6E-E08E479B7150}.Ad-Hoc|ARM.Deploy.0 = Release|ARM
		{A568A939-2906-4E58-8E6E-E08E479B7150}.Ad-Hoc|iPhone.ActiveCfg = Release|Any CPU
		{A568A939-2906-4E58-8E6E-E08E479B7150}.Ad-Hoc|iPhone.Build.0 = Release|Any CPU
		{A568A939-2906-4E58-8E6E-E08E479B7150}.Ad-Hoc|iPhone.Deploy.0 = Release|Any CPU
		{A568A939-2906-4E58-8E6E-E08E479B7150}.Ad-Hoc|iPhoneSimulator.ActiveCfg = Release|Any CPU
		{A568A939-2906-4E58-8E6E-E08E479B7150}.Ad-Hoc|iPhoneSimulator.Build.0 = Release|Any CPU
		{A568A939-2906-4E58-8E6E-E08E479B7150}.Ad-Hoc|iPhoneSimulator.Deploy.0 = Release|Any CPU
		{A568A939-2906-4E58-8E6E-E08E479B7150}.Ad-Hoc|x64.ActiveCfg = Release|Any CPU
		{A568A939-2906-4E58-8E6E-E08E479B7150}.Ad-Hoc|x64.Build.0 = Release|Any CPU
		{A568A939-2906-4E58-8E6E-E08E479B7150}.Ad-Hoc|x64.Deploy.0 = Release|Any CPU
		{A568A939-2906-4E58-8E6E-E08E479B7150}.Ad-Hoc|x86.ActiveCfg = Release|x86
		{A568A939-2906-4E58-8E6E-E08E479B7150}.Ad-Hoc|x86.Build.0 = Release|x86
		{A568A939-2906-4E58-8E6E-E08E479B7150}.Ad-Hoc|x86.Deploy.0 = Release|x86
		{A568A939-2906-4E58-8E6E-E08E479B7150}.AppStore|Any CPU.ActiveCfg = Release|Any CPU
		{A568A939-2906-4E58-8E6E-E08E479B7150}.AppStore|Any CPU.Build.0 = Release|Any CPU
		{A568A939-2906-4E58-8E6E-E08E479B7150}.AppStore|Any CPU.Deploy.0 = Release|Any CPU
		{A568A939-2906-4E58-8E6E-E08E479B7150}.AppStore|ARM.ActiveCfg = Release|ARM
		{A568A939-2906-4E58-8E6E-E08E479B7150}.AppStore|ARM.Build.0 = Release|ARM
		{A568A939-2906-4E58-8E6E-E08E479B7150}.AppStore|ARM.Deploy.0 = Release|ARM
		{A568A939-2906-4E58-8E6E-E08E479B7150}.AppStore|iPhone.ActiveCfg = Release|Any CPU
		{A568A939-2906-4E58-8E6E-E08E479B7150}.AppStore|iPhone.Build.0 = Release|Any CPU
		{A568A939-2906-4E58-8E6E-E08E479B7150}.AppStore|iPhone.Deploy.0 = Release|Any CPU
		{A568A939-2906-4E58-8E6E-E08E479B7150}.AppStore|iPhoneSimulator.ActiveCfg = Release|Any CPU
		{A568A939-2906-4E58-8E6E-E08E479B7150}.AppStore|iPhoneSimulator.Build.0 = Release|Any CPU
		{A568A939-2906-4E58-8E6E-E08E479B7150}.AppStore|iPhoneSimulator.Deploy.0 = Release|Any CPU
		{A568A939-2906-4E58-8E6E-E08E479B7150}.AppStore|x64.ActiveCfg = Release|Any CPU
		{A568A939-2906-4E58-8E6E-E08E479B7150}.AppStore|x64.Build.0 = Release|Any CPU
		{A568A939-2906-4E58-8E6E-E08E479B7150}.AppStore|x64.Deploy.0 = Release|Any CPU
		{A568A939-2906-4E58-8E6E-E08E479B7150}.AppStore|x86.ActiveCfg = Release|x86
		{A568A939-2906-4E58-8E6E-E08E479B7150}.AppStore|x86.Build.0 = Release|x86
		{A568A939-2906-4E58-8E6E-E08E479B7150}.AppStore|x86.Deploy.0 = Release|x86
		{A568A939-2906-4E58-8E6E-E08E479B7150}.Debug|Any CPU.ActiveCfg = Debug|Any CPU
		{A568A939-2906-4E58-8E6E-E08E479B7150}.Debug|Any CPU.Build.0 = Debug|Any CPU
		{A568A939-2906-4E58-8E6E-E08E479B7150}.Debug|Any CPU.Deploy.0 = Debug|Any CPU
		{A568A939-2906-4E58-8E6E-E08E479B7150}.Debug|ARM.ActiveCfg = Debug|ARM
		{A568A939-2906-4E58-8E6E-E08E479B7150}.Debug|ARM.Build.0 = Debug|ARM
		{A568A939-2906-4E58-8E6E-E08E479B7150}.Debug|ARM.Deploy.0 = Debug|ARM
		{A568A939-2906-4E58-8E6E-E08E479B7150}.Debug|iPhone.ActiveCfg = Debug|Any CPU
		{A568A939-2906-4E58-8E6E-E08E479B7150}.Debug|iPhone.Build.0 = Debug|Any CPU
		{A568A939-2906-4E58-8E6E-E08E479B7150}.Debug|iPhone.Deploy.0 = Debug|Any CPU
		{A568A939-2906-4E58-8E6E-E08E479B7150}.Debug|iPhoneSimulator.ActiveCfg = Debug|Any CPU
		{A568A939-2906-4E58-8E6E-E08E479B7150}.Debug|iPhoneSimulator.Build.0 = Debug|Any CPU
		{A568A939-2906-4E58-8E6E-E08E479B7150}.Debug|iPhoneSimulator.Deploy.0 = Debug|Any CPU
		{A568A939-2906-4E58-8E6E-E08E479B7150}.Debug|x64.ActiveCfg = Debug|Any CPU
		{A568A939-2906-4E58-8E6E-E08E479B7150}.Debug|x64.Build.0 = Debug|Any CPU
		{A568A939-2906-4E58-8E6E-E08E479B7150}.Debug|x64.Deploy.0 = Debug|Any CPU
		{A568A939-2906-4E58-8E6E-E08E479B7150}.Debug|x86.ActiveCfg = Debug|x86
		{A568A939-2906-4E58-8E6E-E08E479B7150}.Debug|x86.Build.0 = Debug|x86
		{A568A939-2906-4E58-8E6E-E08E479B7150}.Debug|x86.Deploy.0 = Debug|x86
		{A568A939-2906-4E58-8E6E-E08E479B7150}.Release|Any CPU.ActiveCfg = Release|Any CPU
		{A568A939-2906-4E58-8E6E-E08E479B7150}.Release|Any CPU.Deploy.0 = Release|Any CPU
		{A568A939-2906-4E58-8E6E-E08E479B7150}.Release|ARM.ActiveCfg = Release|ARM
		{A568A939-2906-4E58-8E6E-E08E479B7150}.Release|iPhone.ActiveCfg = Release|Any CPU
		{A568A939-2906-4E58-8E6E-E08E479B7150}.Release|iPhone.Build.0 = Release|Any CPU
		{A568A939-2906-4E58-8E6E-E08E479B7150}.Release|iPhone.Deploy.0 = Release|Any CPU
		{A568A939-2906-4E58-8E6E-E08E479B7150}.Release|iPhoneSimulator.ActiveCfg = Release|Any CPU
		{A568A939-2906-4E58-8E6E-E08E479B7150}.Release|iPhoneSimulator.Build.0 = Release|Any CPU
		{A568A939-2906-4E58-8E6E-E08E479B7150}.Release|iPhoneSimulator.Deploy.0 = Release|Any CPU
		{A568A939-2906-4E58-8E6E-E08E479B7150}.Release|x64.ActiveCfg = Release|Any CPU
		{A568A939-2906-4E58-8E6E-E08E479B7150}.Release|x86.ActiveCfg = Release|x86
		{778A8A3E-A21D-441F-924B-946E68CA139A}.Ad-Hoc|Any CPU.ActiveCfg = Release|x86
		{778A8A3E-A21D-441F-924B-946E68CA139A}.Ad-Hoc|Any CPU.Build.0 = Release|x86
		{778A8A3E-A21D-441F-924B-946E68CA139A}.Ad-Hoc|Any CPU.Deploy.0 = Release|x86
		{778A8A3E-A21D-441F-924B-946E68CA139A}.Ad-Hoc|ARM.ActiveCfg = Release|ARM
		{778A8A3E-A21D-441F-924B-946E68CA139A}.Ad-Hoc|ARM.Build.0 = Release|ARM
		{778A8A3E-A21D-441F-924B-946E68CA139A}.Ad-Hoc|ARM.Deploy.0 = Release|ARM
		{778A8A3E-A21D-441F-924B-946E68CA139A}.Ad-Hoc|iPhone.ActiveCfg = Release|x86
		{778A8A3E-A21D-441F-924B-946E68CA139A}.Ad-Hoc|iPhone.Build.0 = Release|x86
		{778A8A3E-A21D-441F-924B-946E68CA139A}.Ad-Hoc|iPhone.Deploy.0 = Release|x86
		{778A8A3E-A21D-441F-924B-946E68CA139A}.Ad-Hoc|iPhoneSimulator.ActiveCfg = Release|x86
		{778A8A3E-A21D-441F-924B-946E68CA139A}.Ad-Hoc|iPhoneSimulator.Build.0 = Release|x86
		{778A8A3E-A21D-441F-924B-946E68CA139A}.Ad-Hoc|iPhoneSimulator.Deploy.0 = Release|x86
		{778A8A3E-A21D-441F-924B-946E68CA139A}.Ad-Hoc|x64.ActiveCfg = Release|x64
		{778A8A3E-A21D-441F-924B-946E68CA139A}.Ad-Hoc|x64.Build.0 = Release|x64
		{778A8A3E-A21D-441F-924B-946E68CA139A}.Ad-Hoc|x64.Deploy.0 = Release|x64
		{778A8A3E-A21D-441F-924B-946E68CA139A}.Ad-Hoc|x86.ActiveCfg = Release|x86
		{778A8A3E-A21D-441F-924B-946E68CA139A}.Ad-Hoc|x86.Build.0 = Release|x86
		{778A8A3E-A21D-441F-924B-946E68CA139A}.Ad-Hoc|x86.Deploy.0 = Release|x86
		{778A8A3E-A21D-441F-924B-946E68CA139A}.AppStore|Any CPU.ActiveCfg = Release|x86
		{778A8A3E-A21D-441F-924B-946E68CA139A}.AppStore|Any CPU.Build.0 = Release|x86
		{778A8A3E-A21D-441F-924B-946E68CA139A}.AppStore|Any CPU.Deploy.0 = Release|x86
		{778A8A3E-A21D-441F-924B-946E68CA139A}.AppStore|ARM.ActiveCfg = Release|ARM
		{778A8A3E-A21D-441F-924B-946E68CA139A}.AppStore|ARM.Build.0 = Release|ARM
		{778A8A3E-A21D-441F-924B-946E68CA139A}.AppStore|ARM.Deploy.0 = Release|ARM
		{778A8A3E-A21D-441F-924B-946E68CA139A}.AppStore|iPhone.ActiveCfg = Release|x86
		{778A8A3E-A21D-441F-924B-946E68CA139A}.AppStore|iPhone.Build.0 = Release|x86
		{778A8A3E-A21D-441F-924B-946E68CA139A}.AppStore|iPhone.Deploy.0 = Release|x86
		{778A8A3E-A21D-441F-924B-946E68CA139A}.AppStore|iPhoneSimulator.ActiveCfg = Release|x86
		{778A8A3E-A21D-441F-924B-946E68CA139A}.AppStore|iPhoneSimulator.Build.0 = Release|x86
		{778A8A3E-A21D-441F-924B-946E68CA139A}.AppStore|iPhoneSimulator.Deploy.0 = Release|x86
		{778A8A3E-A21D-441F-924B-946E68CA139A}.AppStore|x64.ActiveCfg = Release|x64
		{778A8A3E-A21D-441F-924B-946E68CA139A}.AppStore|x64.Build.0 = Release|x64
		{778A8A3E-A21D-441F-924B-946E68CA139A}.AppStore|x64.Deploy.0 = Release|x64
		{778A8A3E-A21D-441F-924B-946E68CA139A}.AppStore|x86.ActiveCfg = Release|x86
		{778A8A3E-A21D-441F-924B-946E68CA139A}.AppStore|x86.Build.0 = Release|x86
		{778A8A3E-A21D-441F-924B-946E68CA139A}.AppStore|x86.Deploy.0 = Release|x86
		{778A8A3E-A21D-441F-924B-946E68CA139A}.Debug|Any CPU.ActiveCfg = Debug|x86
		{778A8A3E-A21D-441F-924B-946E68CA139A}.Debug|Any CPU.Build.0 = Debug|x86
		{778A8A3E-A21D-441F-924B-946E68CA139A}.Debug|Any CPU.Deploy.0 = Debug|x86
		{778A8A3E-A21D-441F-924B-946E68CA139A}.Debug|ARM.ActiveCfg = Debug|ARM
		{778A8A3E-A21D-441F-924B-946E68CA139A}.Debug|ARM.Build.0 = Debug|ARM
		{778A8A3E-A21D-441F-924B-946E68CA139A}.Debug|ARM.Deploy.0 = Debug|ARM
		{778A8A3E-A21D-441F-924B-946E68CA139A}.Debug|iPhone.ActiveCfg = Debug|x86
		{778A8A3E-A21D-441F-924B-946E68CA139A}.Debug|iPhoneSimulator.ActiveCfg = Debug|x86
		{778A8A3E-A21D-441F-924B-946E68CA139A}.Debug|x64.ActiveCfg = Debug|x64
		{778A8A3E-A21D-441F-924B-946E68CA139A}.Debug|x64.Build.0 = Debug|x64
		{778A8A3E-A21D-441F-924B-946E68CA139A}.Debug|x64.Deploy.0 = Debug|x64
		{778A8A3E-A21D-441F-924B-946E68CA139A}.Debug|x86.ActiveCfg = Debug|x86
		{778A8A3E-A21D-441F-924B-946E68CA139A}.Debug|x86.Build.0 = Debug|x86
		{778A8A3E-A21D-441F-924B-946E68CA139A}.Debug|x86.Deploy.0 = Debug|x86
		{778A8A3E-A21D-441F-924B-946E68CA139A}.Release|Any CPU.ActiveCfg = Release|x86
		{778A8A3E-A21D-441F-924B-946E68CA139A}.Release|Any CPU.Deploy.0 = Release|x86
		{778A8A3E-A21D-441F-924B-946E68CA139A}.Release|ARM.ActiveCfg = Release|ARM
		{778A8A3E-A21D-441F-924B-946E68CA139A}.Release|iPhone.ActiveCfg = Release|x86
		{778A8A3E-A21D-441F-924B-946E68CA139A}.Release|iPhoneSimulator.ActiveCfg = Release|x86
		{778A8A3E-A21D-441F-924B-946E68CA139A}.Release|x64.ActiveCfg = Release|x64
		{778A8A3E-A21D-441F-924B-946E68CA139A}.Release|x86.ActiveCfg = Release|x86
		{DD8C78B5-E988-4898-8E70-790969FBFBB3}.Ad-Hoc|Any CPU.ActiveCfg = Release|Any CPU
		{DD8C78B5-E988-4898-8E70-790969FBFBB3}.Ad-Hoc|Any CPU.Build.0 = Release|Any CPU
		{DD8C78B5-E988-4898-8E70-790969FBFBB3}.Ad-Hoc|Any CPU.Deploy.0 = Release|Any CPU
		{DD8C78B5-E988-4898-8E70-790969FBFBB3}.Ad-Hoc|ARM.ActiveCfg = Release|ARM
		{DD8C78B5-E988-4898-8E70-790969FBFBB3}.Ad-Hoc|ARM.Build.0 = Release|ARM
		{DD8C78B5-E988-4898-8E70-790969FBFBB3}.Ad-Hoc|ARM.Deploy.0 = Release|ARM
		{DD8C78B5-E988-4898-8E70-790969FBFBB3}.Ad-Hoc|iPhone.ActiveCfg = Release|Any CPU
		{DD8C78B5-E988-4898-8E70-790969FBFBB3}.Ad-Hoc|iPhone.Build.0 = Release|Any CPU
		{DD8C78B5-E988-4898-8E70-790969FBFBB3}.Ad-Hoc|iPhone.Deploy.0 = Release|Any CPU
		{DD8C78B5-E988-4898-8E70-790969FBFBB3}.Ad-Hoc|iPhoneSimulator.ActiveCfg = Release|Any CPU
		{DD8C78B5-E988-4898-8E70-790969FBFBB3}.Ad-Hoc|iPhoneSimulator.Build.0 = Release|Any CPU
		{DD8C78B5-E988-4898-8E70-790969FBFBB3}.Ad-Hoc|iPhoneSimulator.Deploy.0 = Release|Any CPU
		{DD8C78B5-E988-4898-8E70-790969FBFBB3}.Ad-Hoc|x64.ActiveCfg = Release|x64
		{DD8C78B5-E988-4898-8E70-790969FBFBB3}.Ad-Hoc|x64.Build.0 = Release|x64
		{DD8C78B5-E988-4898-8E70-790969FBFBB3}.Ad-Hoc|x64.Deploy.0 = Release|x64
		{DD8C78B5-E988-4898-8E70-790969FBFBB3}.Ad-Hoc|x86.ActiveCfg = Release|x86
		{DD8C78B5-E988-4898-8E70-790969FBFBB3}.Ad-Hoc|x86.Build.0 = Release|x86
		{DD8C78B5-E988-4898-8E70-790969FBFBB3}.Ad-Hoc|x86.Deploy.0 = Release|x86
		{DD8C78B5-E988-4898-8E70-790969FBFBB3}.AppStore|Any CPU.ActiveCfg = Release|Any CPU
		{DD8C78B5-E988-4898-8E70-790969FBFBB3}.AppStore|Any CPU.Build.0 = Release|Any CPU
		{DD8C78B5-E988-4898-8E70-790969FBFBB3}.AppStore|Any CPU.Deploy.0 = Release|Any CPU
		{DD8C78B5-E988-4898-8E70-790969FBFBB3}.AppStore|ARM.ActiveCfg = Release|ARM
		{DD8C78B5-E988-4898-8E70-790969FBFBB3}.AppStore|ARM.Build.0 = Release|ARM
		{DD8C78B5-E988-4898-8E70-790969FBFBB3}.AppStore|ARM.Deploy.0 = Release|ARM
		{DD8C78B5-E988-4898-8E70-790969FBFBB3}.AppStore|iPhone.ActiveCfg = Release|Any CPU
		{DD8C78B5-E988-4898-8E70-790969FBFBB3}.AppStore|iPhone.Build.0 = Release|Any CPU
		{DD8C78B5-E988-4898-8E70-790969FBFBB3}.AppStore|iPhone.Deploy.0 = Release|Any CPU
		{DD8C78B5-E988-4898-8E70-790969FBFBB3}.AppStore|iPhoneSimulator.ActiveCfg = Release|Any CPU
		{DD8C78B5-E988-4898-8E70-790969FBFBB3}.AppStore|iPhoneSimulator.Build.0 = Release|Any CPU
		{DD8C78B5-E988-4898-8E70-790969FBFBB3}.AppStore|iPhoneSimulator.Deploy.0 = Release|Any CPU
		{DD8C78B5-E988-4898-8E70-790969FBFBB3}.AppStore|x64.ActiveCfg = Release|x64
		{DD8C78B5-E988-4898-8E70-790969FBFBB3}.AppStore|x64.Build.0 = Release|x64
		{DD8C78B5-E988-4898-8E70-790969FBFBB3}.AppStore|x64.Deploy.0 = Release|x64
		{DD8C78B5-E988-4898-8E70-790969FBFBB3}.AppStore|x86.ActiveCfg = Release|x86
		{DD8C78B5-E988-4898-8E70-790969FBFBB3}.AppStore|x86.Build.0 = Release|x86
		{DD8C78B5-E988-4898-8E70-790969FBFBB3}.AppStore|x86.Deploy.0 = Release|x86
		{DD8C78B5-E988-4898-8E70-790969FBFBB3}.Debug|Any CPU.ActiveCfg = Debug|Any CPU
		{DD8C78B5-E988-4898-8E70-790969FBFBB3}.Debug|Any CPU.Build.0 = Debug|Any CPU
		{DD8C78B5-E988-4898-8E70-790969FBFBB3}.Debug|Any CPU.Deploy.0 = Debug|Any CPU
		{DD8C78B5-E988-4898-8E70-790969FBFBB3}.Debug|ARM.ActiveCfg = Debug|ARM
		{DD8C78B5-E988-4898-8E70-790969FBFBB3}.Debug|ARM.Build.0 = Debug|ARM
		{DD8C78B5-E988-4898-8E70-790969FBFBB3}.Debug|ARM.Deploy.0 = Debug|ARM
		{DD8C78B5-E988-4898-8E70-790969FBFBB3}.Debug|iPhone.ActiveCfg = Debug|Any CPU
		{DD8C78B5-E988-4898-8E70-790969FBFBB3}.Debug|iPhone.Build.0 = Debug|Any CPU
		{DD8C78B5-E988-4898-8E70-790969FBFBB3}.Debug|iPhone.Deploy.0 = Debug|Any CPU
		{DD8C78B5-E988-4898-8E70-790969FBFBB3}.Debug|iPhoneSimulator.ActiveCfg = Debug|Any CPU
		{DD8C78B5-E988-4898-8E70-790969FBFBB3}.Debug|iPhoneSimulator.Build.0 = Debug|Any CPU
		{DD8C78B5-E988-4898-8E70-790969FBFBB3}.Debug|iPhoneSimulator.Deploy.0 = Debug|Any CPU
		{DD8C78B5-E988-4898-8E70-790969FBFBB3}.Debug|x64.ActiveCfg = Debug|x64
		{DD8C78B5-E988-4898-8E70-790969FBFBB3}.Debug|x64.Build.0 = Debug|x64
		{DD8C78B5-E988-4898-8E70-790969FBFBB3}.Debug|x64.Deploy.0 = Debug|x64
		{DD8C78B5-E988-4898-8E70-790969FBFBB3}.Debug|x86.ActiveCfg = Debug|x86
		{DD8C78B5-E988-4898-8E70-790969FBFBB3}.Debug|x86.Build.0 = Debug|x86
		{DD8C78B5-E988-4898-8E70-790969FBFBB3}.Debug|x86.Deploy.0 = Debug|x86
		{DD8C78B5-E988-4898-8E70-790969FBFBB3}.Release|Any CPU.ActiveCfg = Release|Any CPU
		{DD8C78B5-E988-4898-8E70-790969FBFBB3}.Release|Any CPU.Deploy.0 = Release|Any CPU
		{DD8C78B5-E988-4898-8E70-790969FBFBB3}.Release|ARM.ActiveCfg = Release|ARM
		{DD8C78B5-E988-4898-8E70-790969FBFBB3}.Release|iPhone.ActiveCfg = Release|Any CPU
		{DD8C78B5-E988-4898-8E70-790969FBFBB3}.Release|iPhone.Build.0 = Release|Any CPU
		{DD8C78B5-E988-4898-8E70-790969FBFBB3}.Release|iPhone.Deploy.0 = Release|Any CPU
		{DD8C78B5-E988-4898-8E70-790969FBFBB3}.Release|iPhoneSimulator.ActiveCfg = Release|Any CPU
		{DD8C78B5-E988-4898-8E70-790969FBFBB3}.Release|iPhoneSimulator.Build.0 = Release|Any CPU
		{DD8C78B5-E988-4898-8E70-790969FBFBB3}.Release|iPhoneSimulator.Deploy.0 = Release|Any CPU
		{DD8C78B5-E988-4898-8E70-790969FBFBB3}.Release|x64.ActiveCfg = Release|x64
		{DD8C78B5-E988-4898-8E70-790969FBFBB3}.Release|x86.ActiveCfg = Release|x86
		{F379271A-C344-46EA-BD3A-17B722C77AD8}.Ad-Hoc|Any CPU.ActiveCfg = Release|Any CPU
		{F379271A-C344-46EA-BD3A-17B722C77AD8}.Ad-Hoc|Any CPU.Build.0 = Release|Any CPU
		{F379271A-C344-46EA-BD3A-17B722C77AD8}.Ad-Hoc|ARM.ActiveCfg = Release|Any CPU
		{F379271A-C344-46EA-BD3A-17B722C77AD8}.Ad-Hoc|ARM.Build.0 = Release|Any CPU
		{F379271A-C344-46EA-BD3A-17B722C77AD8}.Ad-Hoc|iPhone.ActiveCfg = Release|Any CPU
		{F379271A-C344-46EA-BD3A-17B722C77AD8}.Ad-Hoc|iPhone.Build.0 = Release|Any CPU
		{F379271A-C344-46EA-BD3A-17B722C77AD8}.Ad-Hoc|iPhoneSimulator.ActiveCfg = Release|Any CPU
		{F379271A-C344-46EA-BD3A-17B722C77AD8}.Ad-Hoc|iPhoneSimulator.Build.0 = Release|Any CPU
		{F379271A-C344-46EA-BD3A-17B722C77AD8}.Ad-Hoc|x64.ActiveCfg = Release|Any CPU
		{F379271A-C344-46EA-BD3A-17B722C77AD8}.Ad-Hoc|x64.Build.0 = Release|Any CPU
		{F379271A-C344-46EA-BD3A-17B722C77AD8}.Ad-Hoc|x86.ActiveCfg = Release|Any CPU
		{F379271A-C344-46EA-BD3A-17B722C77AD8}.Ad-Hoc|x86.Build.0 = Release|Any CPU
		{F379271A-C344-46EA-BD3A-17B722C77AD8}.AppStore|Any CPU.ActiveCfg = Release|Any CPU
		{F379271A-C344-46EA-BD3A-17B722C77AD8}.AppStore|Any CPU.Build.0 = Release|Any CPU
		{F379271A-C344-46EA-BD3A-17B722C77AD8}.AppStore|ARM.ActiveCfg = Release|Any CPU
		{F379271A-C344-46EA-BD3A-17B722C77AD8}.AppStore|ARM.Build.0 = Release|Any CPU
		{F379271A-C344-46EA-BD3A-17B722C77AD8}.AppStore|iPhone.ActiveCfg = Release|Any CPU
		{F379271A-C344-46EA-BD3A-17B722C77AD8}.AppStore|iPhone.Build.0 = Release|Any CPU
		{F379271A-C344-46EA-BD3A-17B722C77AD8}.AppStore|iPhoneSimulator.ActiveCfg = Release|Any CPU
		{F379271A-C344-46EA-BD3A-17B722C77AD8}.AppStore|iPhoneSimulator.Build.0 = Release|Any CPU
		{F379271A-C344-46EA-BD3A-17B722C77AD8}.AppStore|x64.ActiveCfg = Release|Any CPU
		{F379271A-C344-46EA-BD3A-17B722C77AD8}.AppStore|x64.Build.0 = Release|Any CPU
		{F379271A-C344-46EA-BD3A-17B722C77AD8}.AppStore|x86.ActiveCfg = Release|Any CPU
		{F379271A-C344-46EA-BD3A-17B722C77AD8}.AppStore|x86.Build.0 = Release|Any CPU
		{F379271A-C344-46EA-BD3A-17B722C77AD8}.Debug|Any CPU.ActiveCfg = Debug|Any CPU
		{F379271A-C344-46EA-BD3A-17B722C77AD8}.Debug|Any CPU.Build.0 = Debug|Any CPU
		{F379271A-C344-46EA-BD3A-17B722C77AD8}.Debug|ARM.ActiveCfg = Debug|Any CPU
		{F379271A-C344-46EA-BD3A-17B722C77AD8}.Debug|ARM.Build.0 = Debug|Any CPU
		{F379271A-C344-46EA-BD3A-17B722C77AD8}.Debug|iPhone.ActiveCfg = Debug|Any CPU
		{F379271A-C344-46EA-BD3A-17B722C77AD8}.Debug|iPhone.Build.0 = Debug|Any CPU
		{F379271A-C344-46EA-BD3A-17B722C77AD8}.Debug|iPhoneSimulator.ActiveCfg = Debug|Any CPU
		{F379271A-C344-46EA-BD3A-17B722C77AD8}.Debug|iPhoneSimulator.Build.0 = Debug|Any CPU
		{F379271A-C344-46EA-BD3A-17B722C77AD8}.Debug|x64.ActiveCfg = Debug|Any CPU
		{F379271A-C344-46EA-BD3A-17B722C77AD8}.Debug|x64.Build.0 = Debug|Any CPU
		{F379271A-C344-46EA-BD3A-17B722C77AD8}.Debug|x86.ActiveCfg = Debug|Any CPU
		{F379271A-C344-46EA-BD3A-17B722C77AD8}.Debug|x86.Build.0 = Debug|Any CPU
		{F379271A-C344-46EA-BD3A-17B722C77AD8}.Release|Any CPU.ActiveCfg = Release|Any CPU
		{F379271A-C344-46EA-BD3A-17B722C77AD8}.Release|ARM.ActiveCfg = Release|Any CPU
		{F379271A-C344-46EA-BD3A-17B722C77AD8}.Release|iPhone.ActiveCfg = Release|Any CPU
		{F379271A-C344-46EA-BD3A-17B722C77AD8}.Release|iPhone.Build.0 = Release|Any CPU
		{F379271A-C344-46EA-BD3A-17B722C77AD8}.Release|iPhoneSimulator.ActiveCfg = Release|Any CPU
		{F379271A-C344-46EA-BD3A-17B722C77AD8}.Release|iPhoneSimulator.Build.0 = Release|Any CPU
		{F379271A-C344-46EA-BD3A-17B722C77AD8}.Release|x64.ActiveCfg = Release|Any CPU
		{F379271A-C344-46EA-BD3A-17B722C77AD8}.Release|x86.ActiveCfg = Release|Any CPU
		{0451BAEF-DF2E-4B98-8644-94EE9415E389}.Ad-Hoc|Any CPU.ActiveCfg = Release|Any CPU
		{0451BAEF-DF2E-4B98-8644-94EE9415E389}.Ad-Hoc|Any CPU.Build.0 = Release|Any CPU
		{0451BAEF-DF2E-4B98-8644-94EE9415E389}.Ad-Hoc|ARM.ActiveCfg = Release|Any CPU
		{0451BAEF-DF2E-4B98-8644-94EE9415E389}.Ad-Hoc|ARM.Build.0 = Release|Any CPU
		{0451BAEF-DF2E-4B98-8644-94EE9415E389}.Ad-Hoc|iPhone.ActiveCfg = Release|Any CPU
		{0451BAEF-DF2E-4B98-8644-94EE9415E389}.Ad-Hoc|iPhone.Build.0 = Release|Any CPU
		{0451BAEF-DF2E-4B98-8644-94EE9415E389}.Ad-Hoc|iPhoneSimulator.ActiveCfg = Release|Any CPU
		{0451BAEF-DF2E-4B98-8644-94EE9415E389}.Ad-Hoc|iPhoneSimulator.Build.0 = Release|Any CPU
		{0451BAEF-DF2E-4B98-8644-94EE9415E389}.Ad-Hoc|x64.ActiveCfg = Release|Any CPU
		{0451BAEF-DF2E-4B98-8644-94EE9415E389}.Ad-Hoc|x64.Build.0 = Release|Any CPU
		{0451BAEF-DF2E-4B98-8644-94EE9415E389}.Ad-Hoc|x86.ActiveCfg = Release|Any CPU
		{0451BAEF-DF2E-4B98-8644-94EE9415E389}.Ad-Hoc|x86.Build.0 = Release|Any CPU
		{0451BAEF-DF2E-4B98-8644-94EE9415E389}.AppStore|Any CPU.ActiveCfg = Release|Any CPU
		{0451BAEF-DF2E-4B98-8644-94EE9415E389}.AppStore|Any CPU.Build.0 = Release|Any CPU
		{0451BAEF-DF2E-4B98-8644-94EE9415E389}.AppStore|ARM.ActiveCfg = Release|Any CPU
		{0451BAEF-DF2E-4B98-8644-94EE9415E389}.AppStore|ARM.Build.0 = Release|Any CPU
		{0451BAEF-DF2E-4B98-8644-94EE9415E389}.AppStore|iPhone.ActiveCfg = Release|Any CPU
		{0451BAEF-DF2E-4B98-8644-94EE9415E389}.AppStore|iPhone.Build.0 = Release|Any CPU
		{0451BAEF-DF2E-4B98-8644-94EE9415E389}.AppStore|iPhoneSimulator.ActiveCfg = Release|Any CPU
		{0451BAEF-DF2E-4B98-8644-94EE9415E389}.AppStore|iPhoneSimulator.Build.0 = Release|Any CPU
		{0451BAEF-DF2E-4B98-8644-94EE9415E389}.AppStore|x64.ActiveCfg = Release|Any CPU
		{0451BAEF-DF2E-4B98-8644-94EE9415E389}.AppStore|x64.Build.0 = Release|Any CPU
		{0451BAEF-DF2E-4B98-8644-94EE9415E389}.AppStore|x86.ActiveCfg = Release|Any CPU
		{0451BAEF-DF2E-4B98-8644-94EE9415E389}.AppStore|x86.Build.0 = Release|Any CPU
		{0451BAEF-DF2E-4B98-8644-94EE9415E389}.Debug|Any CPU.ActiveCfg = Debug|Any CPU
		{0451BAEF-DF2E-4B98-8644-94EE9415E389}.Debug|ARM.ActiveCfg = Debug|Any CPU
		{0451BAEF-DF2E-4B98-8644-94EE9415E389}.Debug|ARM.Build.0 = Debug|Any CPU
		{0451BAEF-DF2E-4B98-8644-94EE9415E389}.Debug|iPhone.ActiveCfg = Debug|Any CPU
		{0451BAEF-DF2E-4B98-8644-94EE9415E389}.Debug|iPhone.Build.0 = Debug|Any CPU
		{0451BAEF-DF2E-4B98-8644-94EE9415E389}.Debug|iPhoneSimulator.ActiveCfg = Debug|Any CPU
		{0451BAEF-DF2E-4B98-8644-94EE9415E389}.Debug|iPhoneSimulator.Build.0 = Debug|Any CPU
		{0451BAEF-DF2E-4B98-8644-94EE9415E389}.Debug|x64.ActiveCfg = Debug|Any CPU
		{0451BAEF-DF2E-4B98-8644-94EE9415E389}.Debug|x64.Build.0 = Debug|Any CPU
		{0451BAEF-DF2E-4B98-8644-94EE9415E389}.Debug|x86.ActiveCfg = Debug|Any CPU
		{0451BAEF-DF2E-4B98-8644-94EE9415E389}.Debug|x86.Build.0 = Debug|Any CPU
		{0451BAEF-DF2E-4B98-8644-94EE9415E389}.Release|Any CPU.ActiveCfg = Release|Any CPU
		{0451BAEF-DF2E-4B98-8644-94EE9415E389}.Release|ARM.ActiveCfg = Release|Any CPU
		{0451BAEF-DF2E-4B98-8644-94EE9415E389}.Release|iPhone.ActiveCfg = Release|Any CPU
		{0451BAEF-DF2E-4B98-8644-94EE9415E389}.Release|iPhone.Build.0 = Release|Any CPU
		{0451BAEF-DF2E-4B98-8644-94EE9415E389}.Release|iPhoneSimulator.ActiveCfg = Release|Any CPU
		{0451BAEF-DF2E-4B98-8644-94EE9415E389}.Release|iPhoneSimulator.Build.0 = Release|Any CPU
		{0451BAEF-DF2E-4B98-8644-94EE9415E389}.Release|x64.ActiveCfg = Release|Any CPU
		{0451BAEF-DF2E-4B98-8644-94EE9415E389}.Release|x86.ActiveCfg = Release|Any CPU
		{1DC52187-3B1A-42F2-B381-8722AA51D16B}.Ad-Hoc|Any CPU.ActiveCfg = Release|Any CPU
		{1DC52187-3B1A-42F2-B381-8722AA51D16B}.Ad-Hoc|Any CPU.Build.0 = Release|Any CPU
		{1DC52187-3B1A-42F2-B381-8722AA51D16B}.Ad-Hoc|ARM.ActiveCfg = Release|Any CPU
		{1DC52187-3B1A-42F2-B381-8722AA51D16B}.Ad-Hoc|ARM.Build.0 = Release|Any CPU
		{1DC52187-3B1A-42F2-B381-8722AA51D16B}.Ad-Hoc|iPhone.ActiveCfg = Release|Any CPU
		{1DC52187-3B1A-42F2-B381-8722AA51D16B}.Ad-Hoc|iPhone.Build.0 = Release|Any CPU
		{1DC52187-3B1A-42F2-B381-8722AA51D16B}.Ad-Hoc|iPhoneSimulator.ActiveCfg = Release|Any CPU
		{1DC52187-3B1A-42F2-B381-8722AA51D16B}.Ad-Hoc|iPhoneSimulator.Build.0 = Release|Any CPU
		{1DC52187-3B1A-42F2-B381-8722AA51D16B}.Ad-Hoc|x64.ActiveCfg = Release|Any CPU
		{1DC52187-3B1A-42F2-B381-8722AA51D16B}.Ad-Hoc|x64.Build.0 = Release|Any CPU
		{1DC52187-3B1A-42F2-B381-8722AA51D16B}.Ad-Hoc|x86.ActiveCfg = Release|Any CPU
		{1DC52187-3B1A-42F2-B381-8722AA51D16B}.Ad-Hoc|x86.Build.0 = Release|Any CPU
		{1DC52187-3B1A-42F2-B381-8722AA51D16B}.AppStore|Any CPU.ActiveCfg = Release|Any CPU
		{1DC52187-3B1A-42F2-B381-8722AA51D16B}.AppStore|Any CPU.Build.0 = Release|Any CPU
		{1DC52187-3B1A-42F2-B381-8722AA51D16B}.AppStore|ARM.ActiveCfg = Release|Any CPU
		{1DC52187-3B1A-42F2-B381-8722AA51D16B}.AppStore|ARM.Build.0 = Release|Any CPU
		{1DC52187-3B1A-42F2-B381-8722AA51D16B}.AppStore|iPhone.ActiveCfg = Release|Any CPU
		{1DC52187-3B1A-42F2-B381-8722AA51D16B}.AppStore|iPhone.Build.0 = Release|Any CPU
		{1DC52187-3B1A-42F2-B381-8722AA51D16B}.AppStore|iPhoneSimulator.ActiveCfg = Release|Any CPU
		{1DC52187-3B1A-42F2-B381-8722AA51D16B}.AppStore|iPhoneSimulator.Build.0 = Release|Any CPU
		{1DC52187-3B1A-42F2-B381-8722AA51D16B}.AppStore|x64.ActiveCfg = Release|Any CPU
		{1DC52187-3B1A-42F2-B381-8722AA51D16B}.AppStore|x64.Build.0 = Release|Any CPU
		{1DC52187-3B1A-42F2-B381-8722AA51D16B}.AppStore|x86.ActiveCfg = Release|Any CPU
		{1DC52187-3B1A-42F2-B381-8722AA51D16B}.AppStore|x86.Build.0 = Release|Any CPU
		{1DC52187-3B1A-42F2-B381-8722AA51D16B}.Debug|Any CPU.ActiveCfg = Debug|Any CPU
		{1DC52187-3B1A-42F2-B381-8722AA51D16B}.Debug|ARM.ActiveCfg = Debug|Any CPU
		{1DC52187-3B1A-42F2-B381-8722AA51D16B}.Debug|ARM.Build.0 = Debug|Any CPU
		{1DC52187-3B1A-42F2-B381-8722AA51D16B}.Debug|iPhone.ActiveCfg = Debug|Any CPU
		{1DC52187-3B1A-42F2-B381-8722AA51D16B}.Debug|iPhone.Build.0 = Debug|Any CPU
		{1DC52187-3B1A-42F2-B381-8722AA51D16B}.Debug|iPhoneSimulator.ActiveCfg = Debug|Any CPU
		{1DC52187-3B1A-42F2-B381-8722AA51D16B}.Debug|iPhoneSimulator.Build.0 = Debug|Any CPU
		{1DC52187-3B1A-42F2-B381-8722AA51D16B}.Debug|x64.ActiveCfg = Debug|Any CPU
		{1DC52187-3B1A-42F2-B381-8722AA51D16B}.Debug|x64.Build.0 = Debug|Any CPU
		{1DC52187-3B1A-42F2-B381-8722AA51D16B}.Debug|x86.ActiveCfg = Debug|Any CPU
		{1DC52187-3B1A-42F2-B381-8722AA51D16B}.Debug|x86.Build.0 = Debug|Any CPU
		{1DC52187-3B1A-42F2-B381-8722AA51D16B}.Release|Any CPU.ActiveCfg = Release|Any CPU
		{1DC52187-3B1A-42F2-B381-8722AA51D16B}.Release|ARM.ActiveCfg = Release|Any CPU
		{1DC52187-3B1A-42F2-B381-8722AA51D16B}.Release|iPhone.ActiveCfg = Release|Any CPU
		{1DC52187-3B1A-42F2-B381-8722AA51D16B}.Release|iPhone.Build.0 = Release|Any CPU
		{1DC52187-3B1A-42F2-B381-8722AA51D16B}.Release|iPhoneSimulator.ActiveCfg = Release|Any CPU
		{1DC52187-3B1A-42F2-B381-8722AA51D16B}.Release|iPhoneSimulator.Build.0 = Release|Any CPU
		{1DC52187-3B1A-42F2-B381-8722AA51D16B}.Release|x64.ActiveCfg = Release|Any CPU
		{1DC52187-3B1A-42F2-B381-8722AA51D16B}.Release|x86.ActiveCfg = Release|Any CPU
		{A65D7729-C619-498A-9669-1FD8A1A1E73A}.Ad-Hoc|Any CPU.ActiveCfg = Release|Any CPU
		{A65D7729-C619-498A-9669-1FD8A1A1E73A}.Ad-Hoc|Any CPU.Build.0 = Release|Any CPU
		{A65D7729-C619-498A-9669-1FD8A1A1E73A}.Ad-Hoc|ARM.ActiveCfg = Release|Any CPU
		{A65D7729-C619-498A-9669-1FD8A1A1E73A}.Ad-Hoc|ARM.Build.0 = Release|Any CPU
		{A65D7729-C619-498A-9669-1FD8A1A1E73A}.Ad-Hoc|iPhone.ActiveCfg = Release|Any CPU
		{A65D7729-C619-498A-9669-1FD8A1A1E73A}.Ad-Hoc|iPhone.Build.0 = Release|Any CPU
		{A65D7729-C619-498A-9669-1FD8A1A1E73A}.Ad-Hoc|iPhoneSimulator.ActiveCfg = Release|Any CPU
		{A65D7729-C619-498A-9669-1FD8A1A1E73A}.Ad-Hoc|iPhoneSimulator.Build.0 = Release|Any CPU
		{A65D7729-C619-498A-9669-1FD8A1A1E73A}.Ad-Hoc|x64.ActiveCfg = Release|Any CPU
		{A65D7729-C619-498A-9669-1FD8A1A1E73A}.Ad-Hoc|x64.Build.0 = Release|Any CPU
		{A65D7729-C619-498A-9669-1FD8A1A1E73A}.Ad-Hoc|x86.ActiveCfg = Release|Any CPU
		{A65D7729-C619-498A-9669-1FD8A1A1E73A}.Ad-Hoc|x86.Build.0 = Release|Any CPU
		{A65D7729-C619-498A-9669-1FD8A1A1E73A}.AppStore|Any CPU.ActiveCfg = Release|Any CPU
		{A65D7729-C619-498A-9669-1FD8A1A1E73A}.AppStore|Any CPU.Build.0 = Release|Any CPU
		{A65D7729-C619-498A-9669-1FD8A1A1E73A}.AppStore|ARM.ActiveCfg = Release|Any CPU
		{A65D7729-C619-498A-9669-1FD8A1A1E73A}.AppStore|ARM.Build.0 = Release|Any CPU
		{A65D7729-C619-498A-9669-1FD8A1A1E73A}.AppStore|iPhone.ActiveCfg = Release|Any CPU
		{A65D7729-C619-498A-9669-1FD8A1A1E73A}.AppStore|iPhone.Build.0 = Release|Any CPU
		{A65D7729-C619-498A-9669-1FD8A1A1E73A}.AppStore|iPhoneSimulator.ActiveCfg = Release|Any CPU
		{A65D7729-C619-498A-9669-1FD8A1A1E73A}.AppStore|iPhoneSimulator.Build.0 = Release|Any CPU
		{A65D7729-C619-498A-9669-1FD8A1A1E73A}.AppStore|x64.ActiveCfg = Release|Any CPU
		{A65D7729-C619-498A-9669-1FD8A1A1E73A}.AppStore|x64.Build.0 = Release|Any CPU
		{A65D7729-C619-498A-9669-1FD8A1A1E73A}.AppStore|x86.ActiveCfg = Release|Any CPU
		{A65D7729-C619-498A-9669-1FD8A1A1E73A}.AppStore|x86.Build.0 = Release|Any CPU
		{A65D7729-C619-498A-9669-1FD8A1A1E73A}.Debug|Any CPU.ActiveCfg = Debug|Any CPU
		{A65D7729-C619-498A-9669-1FD8A1A1E73A}.Debug|ARM.ActiveCfg = Debug|Any CPU
		{A65D7729-C619-498A-9669-1FD8A1A1E73A}.Debug|ARM.Build.0 = Debug|Any CPU
		{A65D7729-C619-498A-9669-1FD8A1A1E73A}.Debug|iPhone.ActiveCfg = Debug|Any CPU
		{A65D7729-C619-498A-9669-1FD8A1A1E73A}.Debug|iPhone.Build.0 = Debug|Any CPU
		{A65D7729-C619-498A-9669-1FD8A1A1E73A}.Debug|iPhoneSimulator.ActiveCfg = Debug|Any CPU
		{A65D7729-C619-498A-9669-1FD8A1A1E73A}.Debug|iPhoneSimulator.Build.0 = Debug|Any CPU
		{A65D7729-C619-498A-9669-1FD8A1A1E73A}.Debug|x64.ActiveCfg = Debug|Any CPU
		{A65D7729-C619-498A-9669-1FD8A1A1E73A}.Debug|x64.Build.0 = Debug|Any CPU
		{A65D7729-C619-498A-9669-1FD8A1A1E73A}.Debug|x86.ActiveCfg = Debug|Any CPU
		{A65D7729-C619-498A-9669-1FD8A1A1E73A}.Debug|x86.Build.0 = Debug|Any CPU
		{A65D7729-C619-498A-9669-1FD8A1A1E73A}.Release|Any CPU.ActiveCfg = Release|Any CPU
		{A65D7729-C619-498A-9669-1FD8A1A1E73A}.Release|ARM.ActiveCfg = Release|Any CPU
		{A65D7729-C619-498A-9669-1FD8A1A1E73A}.Release|iPhone.ActiveCfg = Release|Any CPU
		{A65D7729-C619-498A-9669-1FD8A1A1E73A}.Release|iPhone.Build.0 = Release|Any CPU
		{A65D7729-C619-498A-9669-1FD8A1A1E73A}.Release|iPhoneSimulator.ActiveCfg = Release|Any CPU
		{A65D7729-C619-498A-9669-1FD8A1A1E73A}.Release|iPhoneSimulator.Build.0 = Release|Any CPU
		{A65D7729-C619-498A-9669-1FD8A1A1E73A}.Release|x64.ActiveCfg = Release|Any CPU
		{A65D7729-C619-498A-9669-1FD8A1A1E73A}.Release|x86.ActiveCfg = Release|Any CPU
		{0D6D9BFC-60C6-4C44-B51B-1CFA0BF44DB4}.Ad-Hoc|Any CPU.ActiveCfg = Release|Any CPU
		{0D6D9BFC-60C6-4C44-B51B-1CFA0BF44DB4}.Ad-Hoc|Any CPU.Build.0 = Release|Any CPU
		{0D6D9BFC-60C6-4C44-B51B-1CFA0BF44DB4}.Ad-Hoc|ARM.ActiveCfg = Release|Any CPU
		{0D6D9BFC-60C6-4C44-B51B-1CFA0BF44DB4}.Ad-Hoc|ARM.Build.0 = Release|Any CPU
		{0D6D9BFC-60C6-4C44-B51B-1CFA0BF44DB4}.Ad-Hoc|iPhone.ActiveCfg = Release|Any CPU
		{0D6D9BFC-60C6-4C44-B51B-1CFA0BF44DB4}.Ad-Hoc|iPhone.Build.0 = Release|Any CPU
		{0D6D9BFC-60C6-4C44-B51B-1CFA0BF44DB4}.Ad-Hoc|iPhoneSimulator.ActiveCfg = Release|Any CPU
		{0D6D9BFC-60C6-4C44-B51B-1CFA0BF44DB4}.Ad-Hoc|iPhoneSimulator.Build.0 = Release|Any CPU
		{0D6D9BFC-60C6-4C44-B51B-1CFA0BF44DB4}.Ad-Hoc|x64.ActiveCfg = Release|Any CPU
		{0D6D9BFC-60C6-4C44-B51B-1CFA0BF44DB4}.Ad-Hoc|x64.Build.0 = Release|Any CPU
		{0D6D9BFC-60C6-4C44-B51B-1CFA0BF44DB4}.Ad-Hoc|x86.ActiveCfg = Release|Any CPU
		{0D6D9BFC-60C6-4C44-B51B-1CFA0BF44DB4}.Ad-Hoc|x86.Build.0 = Release|Any CPU
		{0D6D9BFC-60C6-4C44-B51B-1CFA0BF44DB4}.AppStore|Any CPU.ActiveCfg = Release|Any CPU
		{0D6D9BFC-60C6-4C44-B51B-1CFA0BF44DB4}.AppStore|Any CPU.Build.0 = Release|Any CPU
		{0D6D9BFC-60C6-4C44-B51B-1CFA0BF44DB4}.AppStore|ARM.ActiveCfg = Release|Any CPU
		{0D6D9BFC-60C6-4C44-B51B-1CFA0BF44DB4}.AppStore|ARM.Build.0 = Release|Any CPU
		{0D6D9BFC-60C6-4C44-B51B-1CFA0BF44DB4}.AppStore|iPhone.ActiveCfg = Release|Any CPU
		{0D6D9BFC-60C6-4C44-B51B-1CFA0BF44DB4}.AppStore|iPhone.Build.0 = Release|Any CPU
		{0D6D9BFC-60C6-4C44-B51B-1CFA0BF44DB4}.AppStore|iPhoneSimulator.ActiveCfg = Release|Any CPU
		{0D6D9BFC-60C6-4C44-B51B-1CFA0BF44DB4}.AppStore|iPhoneSimulator.Build.0 = Release|Any CPU
		{0D6D9BFC-60C6-4C44-B51B-1CFA0BF44DB4}.AppStore|x64.ActiveCfg = Release|Any CPU
		{0D6D9BFC-60C6-4C44-B51B-1CFA0BF44DB4}.AppStore|x64.Build.0 = Release|Any CPU
		{0D6D9BFC-60C6-4C44-B51B-1CFA0BF44DB4}.AppStore|x86.ActiveCfg = Release|Any CPU
		{0D6D9BFC-60C6-4C44-B51B-1CFA0BF44DB4}.AppStore|x86.Build.0 = Release|Any CPU
		{0D6D9BFC-60C6-4C44-B51B-1CFA0BF44DB4}.Debug|Any CPU.ActiveCfg = Debug|Any CPU
		{0D6D9BFC-60C6-4C44-B51B-1CFA0BF44DB4}.Debug|ARM.ActiveCfg = Debug|Any CPU
		{0D6D9BFC-60C6-4C44-B51B-1CFA0BF44DB4}.Debug|ARM.Build.0 = Debug|Any CPU
		{0D6D9BFC-60C6-4C44-B51B-1CFA0BF44DB4}.Debug|iPhone.ActiveCfg = Debug|Any CPU
		{0D6D9BFC-60C6-4C44-B51B-1CFA0BF44DB4}.Debug|iPhone.Build.0 = Debug|Any CPU
		{0D6D9BFC-60C6-4C44-B51B-1CFA0BF44DB4}.Debug|iPhoneSimulator.ActiveCfg = Debug|Any CPU
		{0D6D9BFC-60C6-4C44-B51B-1CFA0BF44DB4}.Debug|iPhoneSimulator.Build.0 = Debug|Any CPU
		{0D6D9BFC-60C6-4C44-B51B-1CFA0BF44DB4}.Debug|x64.ActiveCfg = Debug|Any CPU
		{0D6D9BFC-60C6-4C44-B51B-1CFA0BF44DB4}.Debug|x64.Build.0 = Debug|Any CPU
		{0D6D9BFC-60C6-4C44-B51B-1CFA0BF44DB4}.Debug|x86.ActiveCfg = Debug|Any CPU
		{0D6D9BFC-60C6-4C44-B51B-1CFA0BF44DB4}.Debug|x86.Build.0 = Debug|Any CPU
		{0D6D9BFC-60C6-4C44-B51B-1CFA0BF44DB4}.Release|Any CPU.ActiveCfg = Release|Any CPU
		{0D6D9BFC-60C6-4C44-B51B-1CFA0BF44DB4}.Release|ARM.ActiveCfg = Release|Any CPU
		{0D6D9BFC-60C6-4C44-B51B-1CFA0BF44DB4}.Release|iPhone.ActiveCfg = Release|Any CPU
		{0D6D9BFC-60C6-4C44-B51B-1CFA0BF44DB4}.Release|iPhone.Build.0 = Release|Any CPU
		{0D6D9BFC-60C6-4C44-B51B-1CFA0BF44DB4}.Release|iPhoneSimulator.ActiveCfg = Release|Any CPU
		{0D6D9BFC-60C6-4C44-B51B-1CFA0BF44DB4}.Release|iPhoneSimulator.Build.0 = Release|Any CPU
		{0D6D9BFC-60C6-4C44-B51B-1CFA0BF44DB4}.Release|x64.ActiveCfg = Release|Any CPU
		{0D6D9BFC-60C6-4C44-B51B-1CFA0BF44DB4}.Release|x86.ActiveCfg = Release|Any CPU
	EndGlobalSection
	GlobalSection(SolutionProperties) = preSolution
		HideSolutionNode = FALSE
	EndGlobalSection
	GlobalSection(NestedProjects) = preSolution
		{EF57E65D-88FA-4D2B-B2BB-644510B0E452} = {3B424F59-1FCC-4544-A647-72D5C7ECB956}
		{E6172DAB-8867-4CCA-A38C-D8F56469DAC3} = {94CAD3EF-9FDF-46F8-BEB2-BAFA2827B964}
		{0579D00D-6F66-4F3E-9A62-8440521A18DC} = {A4BC4EDF-BD4C-4CD9-9D0C-3F0F47139BCA}
		{73773B1F-0237-4028-881E-586C695F6652} = {A4BC4EDF-BD4C-4CD9-9D0C-3F0F47139BCA}
		{DF0CE530-430D-4310-B653-5EC79799742A} = {3B424F59-1FCC-4544-A647-72D5C7ECB956}
		{95E6DF9D-F335-4B24-8354-BA4EA4C156B3} = {94CAD3EF-9FDF-46F8-BEB2-BAFA2827B964}
		{ECD7EFB6-B843-473A-814B-276BFA935A21} = {94CAD3EF-9FDF-46F8-BEB2-BAFA2827B964}
		{A568A939-2906-4E58-8E6E-E08E479B7150} = {94CAD3EF-9FDF-46F8-BEB2-BAFA2827B964}
		{778A8A3E-A21D-441F-924B-946E68CA139A} = {94CAD3EF-9FDF-46F8-BEB2-BAFA2827B964}
		{DD8C78B5-E988-4898-8E70-790969FBFBB3} = {94CAD3EF-9FDF-46F8-BEB2-BAFA2827B964}
		{F379271A-C344-46EA-BD3A-17B722C77AD8} = {94CAD3EF-9FDF-46F8-BEB2-BAFA2827B964}
	EndGlobalSection
EndGlobal
